# This is a Gradle generated file for dependency locking.
# Manual edits can break the build and are not advised.
# This file is expected to be part of source control.
com.fasterxml.jackson.core:jackson-core:2.11.4=runtimeClasspath,testRuntimeClasspath
com.google.android:annotations:4.1.1.4=runtimeClasspath,testRuntimeClasspath
com.google.auto.value:auto-value-annotations:1.6.3=testCompileClasspath,testImplementationDependenciesMetadata,testRuntimeClasspath
com.google.code.findbugs:jsr305:3.0.2=runtimeClasspath,testCompileClasspath,testImplementationDependenciesMetadata,testRuntimeClasspath
com.google.code.gson:gson:2.8.6=runtimeClasspath,testRuntimeClasspath
com.google.errorprone:error_prone_annotations:2.3.1=testCompileClasspath,testImplementationDependenciesMetadata
com.google.errorprone:error_prone_annotations:2.9.0=runtimeClasspath,testRuntimeClasspath
com.google.guava:failureaccess:1.0.1=runtimeClasspath,testCompileClasspath,testImplementationDependenciesMetadata,testRuntimeClasspath
com.google.guava:guava:27.0.1-android=testCompileClasspath,testImplementationDependenciesMetadata
com.google.guava:guava:30.1-android=runtimeClasspath,testRuntimeClasspath
com.google.guava:listenablefuture:9999.0-empty-to-avoid-conflict-with-guava=runtimeClasspath,testCompileClasspath,testImplementationDependenciesMetadata,testRuntimeClasspath
com.google.j2objc:j2objc-annotations:1.1=testCompileClasspath,testImplementationDependenciesMetadata
com.google.j2objc:j2objc-annotations:1.3=runtimeClasspath,testRuntimeClasspath
com.google.protobuf:protobuf-javalite:3.18.1=runtimeClasspath,testRuntimeClasspath
com.google.truth:truth:1.0=testCompileClasspath,testImplementationDependenciesMetadata,testRuntimeClasspath
com.googlecode.java-diff-utils:diffutils:1.3.0=testCompileClasspath,testImplementationDependenciesMetadata,testRuntimeClasspath
com.malinskiy.adam:adam:0.4.3=runtimeClasspath,testRuntimeClasspath
com.squareup.moshi:moshi-adapters:1.12.0=runtimeClasspath,testRuntimeClasspath
com.squareup.moshi:moshi:1.12.0=runtimeClasspath,testRuntimeClasspath
com.squareup.okhttp3:okhttp:3.14.9=compileClasspath,implementationDependenciesMetadata,runtimeClasspath,testCompileClasspath,testImplementationDependenciesMetadata,testRuntimeClasspath
com.squareup.okhttp:okhttp:2.7.4=runtimeClasspath,testRuntimeClasspath
com.squareup.okio:okio:1.17.2=compileClasspath,implementationDependenciesMetadata,testCompileClasspath,testImplementationDependenciesMetadata
com.squareup.okio:okio:2.10.0=runtimeClasspath,testRuntimeClasspath
com.squareup.retrofit2:converter-moshi:2.9.0=runtimeClasspath,testRuntimeClasspath
com.squareup.retrofit2:retrofit:2.9.0=compileClasspath,implementationDependenciesMetadata,runtimeClasspath,testCompileClasspath,testImplementationDependenciesMetadata,testRuntimeClasspath
dev.zacsweers.moshix:moshi-sealed-runtime:0.14.1=runtimeClasspath,testRuntimeClasspath
io.github.microutils:kotlin-logging-jvm:2.0.11=runtimeClasspath,testRuntimeClasspath
io.github.microutils:kotlin-logging:2.0.11=runtimeClasspath,testRuntimeClasspath
io.grpc:grpc-api:1.41.0=runtimeClasspath,testRuntimeClasspath
io.grpc:grpc-context:1.41.0=runtimeClasspath,testRuntimeClasspath
io.grpc:grpc-core:1.41.0=runtimeClasspath,testRuntimeClasspath
io.grpc:grpc-kotlin-stub:1.1.0=runtimeClasspath,testRuntimeClasspath
io.grpc:grpc-okhttp:1.41.0=runtimeClasspath,testRuntimeClasspath
io.grpc:grpc-protobuf-lite:1.32.1=runtimeClasspath,testRuntimeClasspath
io.grpc:grpc-stub:1.36.0=runtimeClasspath,testRuntimeClasspath
io.ktor:ktor-io-jvm:1.6.4=runtimeClasspath,testRuntimeClasspath
io.ktor:ktor-io:1.6.4=runtimeClasspath,testRuntimeClasspath
io.ktor:ktor-network-jvm:1.6.4=runtimeClasspath,testRuntimeClasspath
io.ktor:ktor-utils-jvm:1.6.4=runtimeClasspath,testRuntimeClasspath
io.ktor:ktor-utils:1.6.4=runtimeClasspath,testRuntimeClasspath
io.netty:netty-buffer:4.1.68.Final=runtimeClasspath,testRuntimeClasspath
io.netty:netty-codec-dns:4.1.68.Final=runtimeClasspath,testRuntimeClasspath
io.netty:netty-codec-http2:4.1.68.Final=runtimeClasspath,testRuntimeClasspath
io.netty:netty-codec-http:4.1.68.Final=runtimeClasspath,testRuntimeClasspath
io.netty:netty-codec-socks:4.1.68.Final=runtimeClasspath,testRuntimeClasspath
io.netty:netty-codec:4.1.68.Final=runtimeClasspath,testRuntimeClasspath
io.netty:netty-common:4.1.68.Final=runtimeClasspath,testRuntimeClasspath
io.netty:netty-handler-proxy:4.1.68.Final=runtimeClasspath,testRuntimeClasspath
io.netty:netty-handler:4.1.68.Final=runtimeClasspath,testRuntimeClasspath
io.netty:netty-resolver-dns:4.1.68.Final=runtimeClasspath,testRuntimeClasspath
io.netty:netty-resolver:4.1.68.Final=runtimeClasspath,testRuntimeClasspath
io.netty:netty-transport:4.1.68.Final=runtimeClasspath,testRuntimeClasspath
io.perfmark:perfmark-api:0.23.0=runtimeClasspath,testRuntimeClasspath
io.vertx:vertx-core:4.1.5=runtimeClasspath,testRuntimeClasspath
io.vertx:vertx-lang-kotlin-coroutines:4.1.5=runtimeClasspath,testRuntimeClasspath
io.vertx:vertx-lang-kotlin:4.1.5=runtimeClasspath,testRuntimeClasspath
javax.annotation:javax.annotation-api:1.3.2=runtimeClasspath,testRuntimeClasspath
junit:junit:4.12=testCompileClasspath,testImplementationDependenciesMetadata
junit:junit:4.13.2=testRuntimeClasspath,testRuntimeOnlyDependenciesMetadata
org.apache.commons:commons-pool2:2.11.1=runtimeClasspath,testRuntimeClasspath
org.apiguardian:apiguardian-api:1.1.2=testCompileClasspath,testImplementationDependenciesMetadata,testRuntimeOnlyDependenciesMetadata
org.checkerframework:checker-compat-qual:2.5.5=runtimeClasspath,testCompileClasspath,testImplementationDependenciesMetadata,testRuntimeClasspath
org.codehaus.mojo:animal-sniffer-annotations:1.17=testCompileClasspath,testImplementationDependenciesMetadata
org.codehaus.mojo:animal-sniffer-annotations:1.19=runtimeClasspath,testRuntimeClasspath
org.hamcrest:hamcrest-core:1.3=testCompileClasspath,testImplementationDependenciesMetadata,testRuntimeClasspath,testRuntimeOnlyDependenciesMetadata
org.jetbrains.intellij.deps:trove4j:1.0.20181211=kotlinCompilerClasspath,kotlinKlibCommonizerClasspath
org.jetbrains.kotlin:kotlin-compiler-embeddable:1.5.31=kotlinCompilerClasspath,kotlinKlibCommonizerClasspath
org.jetbrains.kotlin:kotlin-daemon-embeddable:1.5.31=kotlinCompilerClasspath,kotlinKlibCommonizerClasspath
org.jetbrains.kotlin:kotlin-klib-commonizer-embeddable:1.5.31=kotlinKlibCommonizerClasspath
org.jetbrains.kotlin:kotlin-reflect:1.5.31=kotlinCompilerClasspath,kotlinKlibCommonizerClasspath
org.jetbrains.kotlin:kotlin-script-runtime:1.5.31=kotlinCompilerClasspath,kotlinCompilerPluginClasspathMain,kotlinCompilerPluginClasspathTest,kotlinKlibCommonizerClasspath
org.jetbrains.kotlin:kotlin-scripting-common:1.5.31=kotlinCompilerPluginClasspathMain,kotlinCompilerPluginClasspathTest
org.jetbrains.kotlin:kotlin-scripting-compiler-embeddable:1.5.31=kotlinCompilerPluginClasspathMain,kotlinCompilerPluginClasspathTest
org.jetbrains.kotlin:kotlin-scripting-compiler-impl-embeddable:1.5.31=kotlinCompilerPluginClasspathMain,kotlinCompilerPluginClasspathTest
org.jetbrains.kotlin:kotlin-scripting-jvm:1.5.31=kotlinCompilerPluginClasspathMain,kotlinCompilerPluginClasspathTest
org.jetbrains.kotlin:kotlin-stdlib-common:1.5.31=apiDependenciesMetadata,compileClasspath,implementationDependenciesMetadata,kotlinCompilerClasspath,kotlinCompilerPluginClasspathMain,kotlinCompilerPluginClasspathTest,kotlinKlibCommonizerClasspath,runtimeClasspath,testCompileClasspath,testImplementationDependenciesMetadata,testRuntimeClasspath
org.jetbrains.kotlin:kotlin-stdlib-jdk7:1.5.0=kotlinCompilerPluginClasspathMain,kotlinCompilerPluginClasspathTest
org.jetbrains.kotlin:kotlin-stdlib-jdk7:1.5.31=apiDependenciesMetadata,compileClasspath,implementationDependenciesMetadata,runtimeClasspath,testCompileClasspath,testImplementationDependenciesMetadata,testRuntimeClasspath
org.jetbrains.kotlin:kotlin-stdlib-jdk8:1.5.0=kotlinCompilerPluginClasspathMain,kotlinCompilerPluginClasspathTest
org.jetbrains.kotlin:kotlin-stdlib-jdk8:1.5.31=apiDependenciesMetadata,compileClasspath,implementationDependenciesMetadata,runtimeClasspath,testCompileClasspath,testImplementationDependenciesMetadata,testRuntimeClasspath
org.jetbrains.kotlin:kotlin-stdlib:1.5.31=apiDependenciesMetadata,compileClasspath,implementationDependenciesMetadata,kotlinCompilerClasspath,kotlinCompilerPluginClasspathMain,kotlinCompilerPluginClasspathTest,kotlinKlibCommonizerClasspath,runtimeClasspath,testCompileClasspath,testImplementationDependenciesMetadata,testRuntimeClasspath
org.jetbrains.kotlinx:kotlinx-cli-jvm:0.3.3=compileClasspath,runtimeClasspath,testCompileClasspath,testRuntimeClasspath
org.jetbrains.kotlinx:kotlinx-cli:0.3.3=compileClasspath,implementationDependenciesMetadata,runtimeClasspath,testCompileClasspath,testImplementationDependenciesMetadata,testRuntimeClasspath
org.jetbrains.kotlinx:kotlinx-coroutines-core-jvm:1.5.0=kotlinCompilerPluginClasspathMain,kotlinCompilerPluginClasspathTest
org.jetbrains.kotlinx:kotlinx-coroutines-core-jvm:1.5.2=runtimeClasspath,testRuntimeClasspath
org.jetbrains.kotlinx:kotlinx-coroutines-core:1.3.8=compileClasspath,implementationDependenciesMetadata,testCompileClasspath,testImplementationDependenciesMetadata
org.jetbrains.kotlinx:kotlinx-coroutines-core:1.5.0=kotlinCompilerPluginClasspathMain,kotlinCompilerPluginClasspathTest
org.jetbrains.kotlinx:kotlinx-coroutines-core:1.5.2=runtimeClasspath,testRuntimeClasspath
org.jetbrains:annotations:13.0=apiDependenciesMetadata,compileClasspath,implementationDependenciesMetadata,kotlinCompilerClasspath,kotlinCompilerPluginClasspathMain,kotlinCompilerPluginClasspathTest,kotlinKlibCommonizerClasspath,testCompileClasspath,testImplementationDependenciesMetadata
org.jetbrains:annotations:22.0.0=runtimeClasspath,testRuntimeClasspath
org.junit.jupiter:junit-jupiter-api:5.8.0=testCompileClasspath,testImplementationDependenciesMetadata,testRuntimeClasspath,testRuntimeOnlyDependenciesMetadata
org.junit.jupiter:junit-jupiter-engine:5.8.0=testRuntimeClasspath,testRuntimeOnlyDependenciesMetadata
org.junit.platform:junit-platform-commons:1.8.0=testCompileClasspath,testImplementationDependenciesMetadata,testRuntimeClasspath,testRuntimeOnlyDependenciesMetadata
org.junit.platform:junit-platform-engine:1.8.0=testRuntimeClasspath,testRuntimeOnlyDependenciesMetadata
org.junit.platform:junit-platform-launcher:1.8.0=testRuntimeClasspath,testRuntimeOnlyDependenciesMetadata
org.junit.platform:junit-platform-runner:1.8.0=testRuntimeClasspath,testRuntimeOnlyDependenciesMetadata
org.junit.platform:junit-platform-suite-api:1.8.0=testRuntimeClasspath,testRuntimeOnlyDependenciesMetadata
org.junit.platform:junit-platform-suite-commons:1.8.0=testRuntimeClasspath
org.junit:junit-bom:5.8.0=testCompileClasspath,testImplementationDependenciesMetadata,testRuntimeClasspath,testRuntimeOnlyDependenciesMetadata
org.opentest4j:opentest4j:1.2.0=testCompileClasspath,testImplementationDependenciesMetadata,testRuntimeClasspath,testRuntimeOnlyDependenciesMetadata
org.slf4j:slf4j-api:1.7.32=runtimeClasspath,testRuntimeClasspath
empty=annotationProcessor,compileOnly,compileOnlyDependenciesMetadata,intransitiveDependenciesMetadata,kotlinCompilerPluginClasspath,kotlinNativeCompilerPluginClasspath,kotlinScriptDef,kotlinScriptDefExtensions,runtimeOnlyDependenciesMetadata,signatures,testAnnotationProcessor,testApiDependenciesMetadata,testCompileOnly,testCompileOnlyDependenciesMetadata,testIntransitiveDependenciesMetadata,testKotlinScriptDef,testKotlinScriptDefExtensions
