# This is a Gradle generated file for dependency locking.
# Manual edits can break the build and are not advised.
# This file is expected to be part of source control.
com.autonomousapps.dependency-analysis:com.autonomousapps.dependency-analysis.gradle.plugin:1.18.0=compileClasspath,implementationDependenciesMetadata,runtimeClasspath,testCompileClasspath,testImplementationDependenciesMetadata,testRuntimeClasspath
com.autonomousapps:antlr:4.10.1.2=runtimeClasspath,testRuntimeClasspath
com.autonomousapps:asm-relocated:9.4.0.1=runtimeClasspath,testRuntimeClasspath
com.autonomousapps:dependency-analysis-gradle-plugin:1.18.0=compileClasspath,implementationDependenciesMetadata,runtimeClasspath,testCompileClasspath,testImplementationDependenciesMetadata,testRuntimeClasspath
com.autonomousapps:graph-support:0.1=runtimeClasspath,testRuntimeClasspath
com.github.ben-manes.caffeine:caffeine:3.1.0=runtimeClasspath,testRuntimeClasspath
com.github.gundy:semver4j:0.16.4=runtimeClasspath,testRuntimeClasspath
com.google.auto.value:auto-value-annotations:1.6.3=testCompileClasspath,testImplementationDependenciesMetadata,testRuntimeClasspath
com.google.code.findbugs:jsr305:3.0.2=runtimeClasspath,testCompileClasspath,testImplementationDependenciesMetadata,testRuntimeClasspath
com.google.code.gson:gson:2.8.9=runtimeClasspath,testRuntimeClasspath
com.google.devtools.ksp:symbol-processing-api:1.7.10-1.0.6=kotlinCompilerPluginClasspathMain,kotlinCompilerPluginClasspathTest
com.google.devtools.ksp:symbol-processing:1.7.10-1.0.6=kotlinCompilerPluginClasspathMain,kotlinCompilerPluginClasspathTest
com.google.errorprone:error_prone_annotations:2.13.1=runtimeClasspath,testRuntimeClasspath
com.google.errorprone:error_prone_annotations:2.3.1=testCompileClasspath,testImplementationDependenciesMetadata
com.google.guava:failureaccess:1.0.1=runtimeClasspath,testCompileClasspath,testImplementationDependenciesMetadata,testRuntimeClasspath
com.google.guava:guava:27.0.1-android=testCompileClasspath,testImplementationDependenciesMetadata
com.google.guava:guava:31.1-jre=runtimeClasspath,testRuntimeClasspath
com.google.guava:listenablefuture:9999.0-empty-to-avoid-conflict-with-guava=runtimeClasspath,testCompileClasspath,testImplementationDependenciesMetadata,testRuntimeClasspath
com.google.j2objc:j2objc-annotations:1.1=testCompileClasspath,testImplementationDependenciesMetadata
com.google.j2objc:j2objc-annotations:1.3=runtimeClasspath,testRuntimeClasspath
com.google.truth:truth:1.0=testCompileClasspath,testImplementationDependenciesMetadata,testRuntimeClasspath
com.googlecode.java-diff-utils:diffutils:1.3.0=testCompileClasspath,testImplementationDependenciesMetadata,testRuntimeClasspath
com.squareup.moshi:moshi-adapters:1.13.0=compileClasspath,implementationDependenciesMetadata,runtimeClasspath,testCompileClasspath,testImplementationDependenciesMetadata,testRuntimeClasspath
com.squareup.moshi:moshi-kotlin:1.12.0=runtimeClasspath,testRuntimeClasspath
com.squareup.moshi:moshi:1.13.0=compileClasspath,implementationDependenciesMetadata,runtimeClasspath,testCompileClasspath,testImplementationDependenciesMetadata,testRuntimeClasspath
com.squareup.okio:okio-metadata:2.10.0=implementationDependenciesMetadata,testImplementationDependenciesMetadata
com.squareup.okio:okio:2.10.0=compileClasspath,implementationDependenciesMetadata,runtimeClasspath,testCompileClasspath,testImplementationDependenciesMetadata,testRuntimeClasspath
de.undercouch:gradle-download-task:4.1.1=runtimeClasspath,testRuntimeClasspath
dev.zacsweers.moshix:moshi-sealed-metadata-reflect:0.14.1=runtimeClasspath,testRuntimeClasspath
dev.zacsweers.moshix:moshi-sealed-runtime:0.14.1=compileClasspath,implementationDependenciesMetadata,runtimeClasspath,testCompileClasspath,testImplementationDependenciesMetadata,testRuntimeClasspath
javax.inject:javax.inject:1=compileClasspath,implementationDependenciesMetadata,runtimeClasspath,testCompileClasspath,testImplementationDependenciesMetadata,testRuntimeClasspath
junit:junit:4.13=testCompileClasspath,testImplementationDependenciesMetadata
junit:junit:4.13.2=testRuntimeClasspath,testRuntimeOnlyDependenciesMetadata
net.java.dev.jna:jna:5.6.0=kotlinCompilerClasspath,kotlinCompilerPluginClasspathMain,kotlinCompilerPluginClasspathTest,kotlinKlibCommonizerClasspath,runtimeClasspath,testRuntimeClasspath
org.apiguardian:apiguardian-api:1.1.2=testCompileClasspath,testImplementationDependenciesMetadata,testRuntimeOnlyDependenciesMetadata
org.checkerframework:checker-compat-qual:2.5.5=testCompileClasspath,testImplementationDependenciesMetadata,testRuntimeClasspath
org.checkerframework:checker-qual:3.21.4=runtimeClasspath,testRuntimeClasspath
org.codehaus.mojo:animal-sniffer-annotations:1.17=testCompileClasspath,testImplementationDependenciesMetadata
org.hamcrest:hamcrest-core:1.3=testCompileClasspath,testImplementationDependenciesMetadata,testRuntimeClasspath,testRuntimeOnlyDependenciesMetadata
org.jetbrains.intellij.deps:trove4j:1.0.20200330=kotlinCompilerClasspath,kotlinCompilerPluginClasspathMain,kotlinCompilerPluginClasspathTest,kotlinKlibCommonizerClasspath,runtimeClasspath,testRuntimeClasspath
org.jetbrains.kotlin:kotlin-android-extensions:1.7.10=runtimeClasspath,testRuntimeClasspath
org.jetbrains.kotlin:kotlin-annotation-processing-gradle:1.7.10=runtimeClasspath,testRuntimeClasspath
org.jetbrains.kotlin:kotlin-bom:1.6.10=runtimeClasspath,testRuntimeClasspath
org.jetbrains.kotlin:kotlin-build-common:1.7.10=runtimeClasspath,testRuntimeClasspath
org.jetbrains.kotlin:kotlin-compiler-embeddable:1.7.10=kotlinCompilerClasspath,kotlinCompilerPluginClasspathMain,kotlinCompilerPluginClasspathTest,kotlinKlibCommonizerClasspath,runtimeClasspath,testRuntimeClasspath
org.jetbrains.kotlin:kotlin-compiler-runner:1.7.10=runtimeClasspath,testRuntimeClasspath
org.jetbrains.kotlin:kotlin-daemon-client:1.7.10=runtimeClasspath,testRuntimeClasspath
org.jetbrains.kotlin:kotlin-daemon-embeddable:1.7.10=kotlinCompilerClasspath,kotlinCompilerPluginClasspathMain,kotlinCompilerPluginClasspathTest,kotlinKlibCommonizerClasspath,runtimeClasspath,testRuntimeClasspath
org.jetbrains.kotlin:kotlin-gradle-plugin-api:1.7.10=runtimeClasspath,testRuntimeClasspath
org.jetbrains.kotlin:kotlin-gradle-plugin-idea:1.7.10=runtimeClasspath,testRuntimeClasspath
org.jetbrains.kotlin:kotlin-gradle-plugin-model:1.7.10=runtimeClasspath,testRuntimeClasspath
org.jetbrains.kotlin:kotlin-gradle-plugin:1.7.10=runtimeClasspath,testRuntimeClasspath
org.jetbrains.kotlin:kotlin-klib-commonizer-api:1.7.10=runtimeClasspath,testRuntimeClasspath
org.jetbrains.kotlin:kotlin-klib-commonizer-embeddable:1.7.10=kotlinKlibCommonizerClasspath
org.jetbrains.kotlin:kotlin-native-utils:1.7.10=runtimeClasspath,testRuntimeClasspath
org.jetbrains.kotlin:kotlin-project-model:1.7.10=runtimeClasspath,testRuntimeClasspath
org.jetbrains.kotlin:kotlin-reflect:1.6.10=runtimeClasspath,testRuntimeClasspath
org.jetbrains.kotlin:kotlin-reflect:1.7.10=kotlinCompilerClasspath,kotlinCompilerPluginClasspathMain,kotlinCompilerPluginClasspathTest,kotlinKlibCommonizerClasspath
org.jetbrains.kotlin:kotlin-script-runtime:1.7.10=kotlinCompilerClasspath,kotlinCompilerPluginClasspathMain,kotlinCompilerPluginClasspathTest,kotlinKlibCommonizerClasspath
org.jetbrains.kotlin:kotlin-scripting-common:1.7.10=kotlinCompilerPluginClasspathMain,kotlinCompilerPluginClasspathTest,runtimeClasspath,testRuntimeClasspath
org.jetbrains.kotlin:kotlin-scripting-compiler-embeddable:1.7.10=kotlinCompilerPluginClasspathMain,kotlinCompilerPluginClasspathTest,runtimeClasspath,testRuntimeClasspath
org.jetbrains.kotlin:kotlin-scripting-compiler-impl-embeddable:1.7.10=kotlinCompilerPluginClasspathMain,kotlinCompilerPluginClasspathTest,runtimeClasspath,testRuntimeClasspath
org.jetbrains.kotlin:kotlin-scripting-jvm:1.7.10=kotlinCompilerPluginClasspathMain,kotlinCompilerPluginClasspathTest,runtimeClasspath,testRuntimeClasspath
org.jetbrains.kotlin:kotlin-stdlib-common:1.7.10=apiDependenciesMetadata,compileClasspath,implementationDependenciesMetadata,kotlinCompilerClasspath,kotlinCompilerPluginClasspathMain,kotlinCompilerPluginClasspathTest,kotlinKlibCommonizerClasspath,runtimeClasspath,testCompileClasspath,testImplementationDependenciesMetadata,testRuntimeClasspath
org.jetbrains.kotlin:kotlin-stdlib-jdk7:1.7.10=apiDependenciesMetadata,compileClasspath,implementationDependenciesMetadata,runtimeClasspath,testCompileClasspath,testImplementationDependenciesMetadata,testRuntimeClasspath
org.jetbrains.kotlin:kotlin-stdlib-jdk8:1.7.10=apiDependenciesMetadata,compileClasspath,implementationDependenciesMetadata,runtimeClasspath,testCompileClasspath,testImplementationDependenciesMetadata,testRuntimeClasspath
org.jetbrains.kotlin:kotlin-stdlib:1.7.10=apiDependenciesMetadata,compileClasspath,implementationDependenciesMetadata,kotlinCompilerClasspath,kotlinCompilerPluginClasspathMain,kotlinCompilerPluginClasspathTest,kotlinKlibCommonizerClasspath,runtimeClasspath,testCompileClasspath,testImplementationDependenciesMetadata,testRuntimeClasspath
org.jetbrains.kotlin:kotlin-tooling-core:1.7.10=runtimeClasspath,testRuntimeClasspath
org.jetbrains.kotlin:kotlin-tooling-metadata:1.7.10=runtimeClasspath,testRuntimeClasspath
org.jetbrains.kotlin:kotlin-util-io:1.7.10=runtimeClasspath,testRuntimeClasspath
org.jetbrains.kotlin:kotlin-util-klib:1.7.10=runtimeClasspath,testRuntimeClasspath
org.jetbrains.kotlinx:kotlinx-coroutines-core-jvm:1.5.0=runtimeClasspath,testRuntimeClasspath
org.jetbrains.kotlinx:kotlinx-metadata-jvm:0.4.2=runtimeClasspath,testRuntimeClasspath
org.jetbrains:annotations:13.0=apiDependenciesMetadata,compileClasspath,implementationDependenciesMetadata,kotlinCompilerClasspath,kotlinCompilerPluginClasspathMain,kotlinCompilerPluginClasspathTest,kotlinKlibCommonizerClasspath,runtimeClasspath,testCompileClasspath,testImplementationDependenciesMetadata,testRuntimeClasspath
org.junit.jupiter:junit-jupiter-api:5.8.0=testCompileClasspath,testImplementationDependenciesMetadata,testRuntimeClasspath,testRuntimeOnlyDependenciesMetadata
org.junit.jupiter:junit-jupiter-engine:5.8.0=testRuntimeClasspath,testRuntimeOnlyDependenciesMetadata
org.junit.platform:junit-platform-commons:1.8.0=testCompileClasspath,testImplementationDependenciesMetadata,testRuntimeClasspath,testRuntimeOnlyDependenciesMetadata
org.junit.platform:junit-platform-engine:1.8.0=testRuntimeClasspath,testRuntimeOnlyDependenciesMetadata
org.junit.platform:junit-platform-launcher:1.8.0=testRuntimeClasspath,testRuntimeOnlyDependenciesMetadata
org.junit.platform:junit-platform-runner:1.8.0=testRuntimeClasspath,testRuntimeOnlyDependenciesMetadata
org.junit.platform:junit-platform-suite-api:1.8.0=testRuntimeClasspath,testRuntimeOnlyDependenciesMetadata
org.junit.platform:junit-platform-suite-commons:1.8.0=testRuntimeClasspath
org.junit:junit-bom:5.8.0=testCompileClasspath,testImplementationDependenciesMetadata,testRuntimeClasspath,testRuntimeOnlyDependenciesMetadata
org.opentest4j:opentest4j:1.2.0=testCompileClasspath,testImplementationDependenciesMetadata,testRuntimeClasspath,testRuntimeOnlyDependenciesMetadata
empty=annotationProcessor,compileOnlyDependenciesMetadata,intransitiveDependenciesMetadata,kotlinCompilerPluginClasspath,kotlinNativeCompilerPluginClasspath,kotlinScriptDef,kotlinScriptDefExtensions,runtimeOnlyDependenciesMetadata,signatures,testAnnotationProcessor,testApiDependenciesMetadata,testCompileOnlyDependenciesMetadata,testIntransitiveDependenciesMetadata,testKotlinScriptDef,testKotlinScriptDefExtensions
