# This is a Gradle generated file for dependency locking.
# Manual edits can break the build and are not advised.
# This file is expected to be part of source control.
androidx.annotation:annotation:1.1.0=compileClasspath,gradleTestCompileClasspath,gradleTestCompileOnly,gradleTestCompileOnlyDependenciesMetadata,gradleTestImplementationDependenciesMetadata,gradleTestRuntimeClasspath,gradleTestRuntimeOnlyDependenciesMetadata,implementationDependenciesMetadata,runtimeClasspath,testCompileClasspath,testImplementationDependenciesMetadata,testRuntimeClasspath
androidx.databinding:databinding-common:7.1.2=gradleTestCompileOnly,gradleTestRuntimeClasspath,runtimeClasspath,testRuntimeClasspath
androidx.databinding:databinding-compiler-common:7.1.2=gradleTestCompileOnly,gradleTestRuntimeClasspath,runtimeClasspath,testRuntimeClasspath
com.android.databinding:baseLibrary:7.1.2=gradleTestCompileOnly,gradleTestRuntimeClasspath,runtimeClasspath,testRuntimeClasspath
com.android.tools.analytics-library:crash:30.1.2=gradleTestCompileOnly,gradleTestRuntimeClasspath,runtimeClasspath,testRuntimeClasspath
com.android.tools.analytics-library:protos:30.1.2=gradleTestCompileOnly,gradleTestRuntimeClasspath,runtimeClasspath,testRuntimeClasspath
com.android.tools.analytics-library:shared:30.1.2=gradleTestCompileOnly,gradleTestRuntimeClasspath,runtimeClasspath,testRuntimeClasspath
com.android.tools.analytics-library:tracker:30.1.2=gradleTestCompileOnly,gradleTestRuntimeClasspath,runtimeClasspath,testRuntimeClasspath
com.android.tools.build.jetifier:jetifier-core:1.0.0-beta09=gradleTestCompileOnly,gradleTestRuntimeClasspath,runtimeClasspath,testRuntimeClasspath
com.android.tools.build.jetifier:jetifier-processor:1.0.0-beta09=gradleTestCompileOnly,gradleTestRuntimeClasspath,runtimeClasspath,testRuntimeClasspath
com.android.tools.build:aapt2-proto:7.1.2-7984345=gradleTestCompileOnly,gradleTestRuntimeClasspath,runtimeClasspath,testRuntimeClasspath
com.android.tools.build:aaptcompiler:7.1.2=gradleTestCompileOnly,gradleTestRuntimeClasspath,runtimeClasspath,testRuntimeClasspath
com.android.tools.build:apksig:7.1.2=compileClasspath,gradleTestCompileClasspath,gradleTestCompileOnly,gradleTestCompileOnlyDependenciesMetadata,gradleTestImplementationDependenciesMetadata,gradleTestRuntimeClasspath,gradleTestRuntimeOnlyDependenciesMetadata,implementationDependenciesMetadata,runtimeClasspath,testCompileClasspath,testImplementationDependenciesMetadata,testRuntimeClasspath
com.android.tools.build:apkzlib:7.1.2=compileClasspath,gradleTestCompileClasspath,gradleTestCompileOnly,gradleTestCompileOnlyDependenciesMetadata,gradleTestImplementationDependenciesMetadata,gradleTestRuntimeClasspath,gradleTestRuntimeOnlyDependenciesMetadata,implementationDependenciesMetadata,runtimeClasspath,testCompileClasspath,testImplementationDependenciesMetadata,testRuntimeClasspath
com.android.tools.build:builder-model:7.1.2=compileClasspath,gradleTestCompileClasspath,gradleTestCompileOnly,gradleTestCompileOnlyDependenciesMetadata,gradleTestImplementationDependenciesMetadata,gradleTestRuntimeClasspath,gradleTestRuntimeOnlyDependenciesMetadata,implementationDependenciesMetadata,runtimeClasspath,testCompileClasspath,testImplementationDependenciesMetadata,testRuntimeClasspath
com.android.tools.build:builder-test-api:7.1.2=gradleTestCompileOnly,gradleTestRuntimeClasspath,runtimeClasspath,testRuntimeClasspath
com.android.tools.build:builder:7.1.2=compileClasspath,gradleTestCompileClasspath,gradleTestCompileOnly,gradleTestCompileOnlyDependenciesMetadata,gradleTestImplementationDependenciesMetadata,gradleTestRuntimeClasspath,gradleTestRuntimeOnlyDependenciesMetadata,implementationDependenciesMetadata,runtimeClasspath,testCompileClasspath,testImplementationDependenciesMetadata,testRuntimeClasspath
com.android.tools.build:bundletool:1.8.0=gradleTestCompileOnly,gradleTestRuntimeClasspath,runtimeClasspath,testRuntimeClasspath
com.android.tools.build:gradle-api:7.1.2=compileClasspath,gradleTestCompileClasspath,gradleTestCompileOnly,gradleTestCompileOnlyDependenciesMetadata,gradleTestImplementationDependenciesMetadata,gradleTestRuntimeClasspath,gradleTestRuntimeOnlyDependenciesMetadata,implementationDependenciesMetadata,runtimeClasspath,testCompileClasspath,testImplementationDependenciesMetadata,testRuntimeClasspath
com.android.tools.build:gradle:7.1.2=compileClasspath,gradleTestCompileClasspath,gradleTestCompileOnly,gradleTestCompileOnlyDependenciesMetadata,gradleTestImplementationDependenciesMetadata,gradleTestRuntimeClasspath,gradleTestRuntimeOnlyDependenciesMetadata,implementationDependenciesMetadata,runtimeClasspath,testCompileClasspath,testImplementationDependenciesMetadata,testRuntimeClasspath
com.android.tools.build:manifest-merger:30.1.2=compileClasspath,gradleTestCompileClasspath,gradleTestCompileOnly,gradleTestCompileOnlyDependenciesMetadata,gradleTestImplementationDependenciesMetadata,gradleTestRuntimeClasspath,gradleTestRuntimeOnlyDependenciesMetadata,implementationDependenciesMetadata,runtimeClasspath,testCompileClasspath,testImplementationDependenciesMetadata,testRuntimeClasspath
com.android.tools.build:transform-api:2.0.0-deprecated-use-gradle-api=gradleTestCompileOnly,gradleTestRuntimeClasspath,runtimeClasspath,testRuntimeClasspath
com.android.tools.ddms:ddmlib:30.1.2=gradleTestCompileOnly,gradleTestRuntimeClasspath,runtimeClasspath,testRuntimeClasspath
com.android.tools.layoutlib:layoutlib-api:30.1.2=gradleTestCompileOnly,gradleTestRuntimeClasspath,runtimeClasspath,testRuntimeClasspath
com.android.tools.lint:lint-model:30.1.2=gradleTestCompileOnly,gradleTestRuntimeClasspath,runtimeClasspath,testRuntimeClasspath
com.android.tools.utp:android-device-provider-ddmlib-proto:30.1.2=gradleTestCompileOnly,gradleTestRuntimeClasspath,runtimeClasspath,testRuntimeClasspath
com.android.tools.utp:android-device-provider-gradle-proto:30.1.2=gradleTestCompileOnly,gradleTestRuntimeClasspath,runtimeClasspath,testRuntimeClasspath
com.android.tools.utp:android-test-plugin-host-additional-test-output-proto:30.1.2=gradleTestCompileOnly,gradleTestRuntimeClasspath,runtimeClasspath,testRuntimeClasspath
com.android.tools.utp:android-test-plugin-host-coverage-proto:30.1.2=gradleTestCompileOnly,gradleTestRuntimeClasspath,runtimeClasspath,testRuntimeClasspath
com.android.tools.utp:android-test-plugin-host-retention-proto:30.1.2=gradleTestCompileOnly,gradleTestRuntimeClasspath,runtimeClasspath,testRuntimeClasspath
com.android.tools.utp:android-test-plugin-result-listener-gradle-proto:30.1.2=gradleTestCompileOnly,gradleTestRuntimeClasspath,runtimeClasspath,testRuntimeClasspath
com.android.tools:annotations:30.1.2=gradleTestCompileOnly,gradleTestRuntimeClasspath,runtimeClasspath,testRuntimeClasspath
com.android.tools:common:30.1.2=gradleTestCompileOnly,gradleTestRuntimeClasspath,runtimeClasspath,testRuntimeClasspath
com.android.tools:dvlib:30.1.2=gradleTestCompileOnly,gradleTestRuntimeClasspath,runtimeClasspath,testRuntimeClasspath
com.android.tools:repository:30.1.2=gradleTestCompileOnly,gradleTestRuntimeClasspath,runtimeClasspath,testRuntimeClasspath
com.android.tools:sdk-common:30.1.2=gradleTestCompileOnly,gradleTestRuntimeClasspath,runtimeClasspath,testRuntimeClasspath
com.android.tools:sdklib:30.1.2=gradleTestCompileOnly,gradleTestRuntimeClasspath,runtimeClasspath,testRuntimeClasspath
com.android:signflinger:7.1.2=gradleTestCompileOnly,gradleTestRuntimeClasspath,runtimeClasspath,testRuntimeClasspath
com.android:zipflinger:7.1.2=compileClasspath,gradleTestCompileClasspath,gradleTestCompileOnly,gradleTestCompileOnlyDependenciesMetadata,gradleTestImplementationDependenciesMetadata,gradleTestRuntimeClasspath,gradleTestRuntimeOnlyDependenciesMetadata,implementationDependenciesMetadata,runtimeClasspath,testCompileClasspath,testImplementationDependenciesMetadata,testRuntimeClasspath
com.fasterxml.jackson.core:jackson-annotations:2.11.1=gradleTestCompileOnly,gradleTestRuntimeClasspath,runtimeClasspath,testRuntimeClasspath
com.fasterxml.jackson.core:jackson-core:2.11.1=gradleTestCompileOnly,gradleTestRuntimeClasspath,runtimeClasspath,testRuntimeClasspath
com.fasterxml.jackson.core:jackson-databind:2.11.1=gradleTestCompileOnly,gradleTestRuntimeClasspath,runtimeClasspath,testRuntimeClasspath
com.fasterxml.jackson.dataformat:jackson-dataformat-xml:2.11.1=gradleTestCompileOnly,gradleTestRuntimeClasspath,runtimeClasspath,testRuntimeClasspath
com.fasterxml.jackson.module:jackson-module-jaxb-annotations:2.11.1=gradleTestCompileOnly,gradleTestRuntimeClasspath,runtimeClasspath,testRuntimeClasspath
com.fasterxml.jackson.module:jackson-module-kotlin:2.11.1=gradleTestCompileOnly,gradleTestRuntimeClasspath,runtimeClasspath,testRuntimeClasspath
com.fasterxml.woodstox:woodstox-core:6.2.1=gradleTestCompileOnly,gradleTestRuntimeClasspath,runtimeClasspath,testRuntimeClasspath
com.github.salomonbrys.kotson:kotson:2.5.0=gradleTestRuntimeClasspath
com.google.android:annotations:4.1.1.4=gradleTestCompileOnly,gradleTestRuntimeClasspath,runtimeClasspath,testRuntimeClasspath
com.google.api.grpc:proto-google-common-protos:1.12.0=gradleTestCompileOnly,gradleTestRuntimeClasspath,runtimeClasspath,testRuntimeClasspath
com.google.auto.value:auto-value-annotations:1.6.2=gradleTestCompileOnly,runtimeClasspath
com.google.auto.value:auto-value-annotations:1.6.3=gradleTestCompileClasspath,gradleTestImplementationDependenciesMetadata,gradleTestRuntimeClasspath,testCompileClasspath,testImplementationDependenciesMetadata,testRuntimeClasspath
com.google.code.findbugs:jsr305:3.0.2=gradleTestCompileClasspath,gradleTestCompileOnly,gradleTestImplementationDependenciesMetadata,gradleTestRuntimeClasspath,runtimeClasspath,testCompileClasspath,testImplementationDependenciesMetadata,testRuntimeClasspath
com.google.code.gson:gson:2.8.5=compileClasspath,gradleTestCompileClasspath,gradleTestCompileOnlyDependenciesMetadata,gradleTestImplementationDependenciesMetadata,gradleTestRuntimeOnlyDependenciesMetadata,implementationDependenciesMetadata,testCompileClasspath,testImplementationDependenciesMetadata
com.google.code.gson:gson:2.8.6=gradleTestCompileOnly,gradleTestRuntimeClasspath,runtimeClasspath,testRuntimeClasspath
com.google.crypto.tink:tink:1.3.0-rc2=gradleTestCompileOnly,gradleTestRuntimeClasspath,runtimeClasspath,testRuntimeClasspath
com.google.dagger:dagger:2.28.3=gradleTestCompileOnly,gradleTestRuntimeClasspath,runtimeClasspath,testRuntimeClasspath
com.google.errorprone:error_prone_annotations:2.3.1=gradleTestCompileClasspath,gradleTestImplementationDependenciesMetadata,testCompileClasspath,testImplementationDependenciesMetadata
com.google.errorprone:error_prone_annotations:2.3.4=gradleTestCompileOnly,gradleTestRuntimeClasspath,runtimeClasspath,testRuntimeClasspath
com.google.flatbuffers:flatbuffers-java:1.12.0=gradleTestCompileOnly,gradleTestRuntimeClasspath,runtimeClasspath,testRuntimeClasspath
com.google.guava:failureaccess:1.0.1=gradleTestCompileClasspath,gradleTestCompileOnly,gradleTestImplementationDependenciesMetadata,gradleTestRuntimeClasspath,runtimeClasspath,testCompileClasspath,testImplementationDependenciesMetadata,testRuntimeClasspath
com.google.guava:guava:27.0.1-android=gradleTestCompileClasspath,gradleTestImplementationDependenciesMetadata,testCompileClasspath,testImplementationDependenciesMetadata
com.google.guava:guava:30.1-jre=gradleTestCompileOnly,gradleTestRuntimeClasspath,runtimeClasspath,testRuntimeClasspath
com.google.guava:listenablefuture:9999.0-empty-to-avoid-conflict-with-guava=gradleTestCompileClasspath,gradleTestCompileOnly,gradleTestImplementationDependenciesMetadata,gradleTestRuntimeClasspath,runtimeClasspath,testCompileClasspath,testImplementationDependenciesMetadata,testRuntimeClasspath
com.google.j2objc:j2objc-annotations:1.1=gradleTestCompileClasspath,gradleTestImplementationDependenciesMetadata,testCompileClasspath,testImplementationDependenciesMetadata
com.google.j2objc:j2objc-annotations:1.3=gradleTestCompileOnly,gradleTestRuntimeClasspath,runtimeClasspath,testRuntimeClasspath
com.google.jimfs:jimfs:1.1=gradleTestCompileOnly,gradleTestRuntimeClasspath,runtimeClasspath,testRuntimeClasspath
com.google.protobuf:protobuf-java-util:3.10.0=gradleTestCompileOnly,gradleTestRuntimeClasspath,runtimeClasspath,testRuntimeClasspath
com.google.protobuf:protobuf-java:3.10.0=gradleTestCompileOnly,gradleTestRuntimeClasspath,runtimeClasspath,testRuntimeClasspath
com.google.testing.platform:core-proto:0.0.8-alpha07=gradleTestCompileOnly,gradleTestRuntimeClasspath,runtimeClasspath,testRuntimeClasspath
com.google.truth:truth:1.0=gradleTestCompileClasspath,gradleTestImplementationDependenciesMetadata,gradleTestRuntimeClasspath,testCompileClasspath,testImplementationDependenciesMetadata,testRuntimeClasspath
com.googlecode.java-diff-utils:diffutils:1.3.0=gradleTestCompileClasspath,gradleTestImplementationDependenciesMetadata,gradleTestRuntimeClasspath,testCompileClasspath,testImplementationDependenciesMetadata,testRuntimeClasspath
com.googlecode.json-simple:json-simple:1.1=gradleTestCompileOnly,gradleTestRuntimeClasspath,runtimeClasspath,testRuntimeClasspath
com.googlecode.juniversalchardet:juniversalchardet:1.0.3=gradleTestCompileOnly,gradleTestRuntimeClasspath,runtimeClasspath,testRuntimeClasspath
com.squareup.okhttp3:logging-interceptor:4.9.0=compileClasspath,gradleTestCompileClasspath,gradleTestCompileOnly,gradleTestCompileOnlyDependenciesMetadata,gradleTestImplementationDependenciesMetadata,gradleTestRuntimeClasspath,gradleTestRuntimeOnlyDependenciesMetadata,implementationDependenciesMetadata,runtimeClasspath,testCompileClasspath,testImplementationDependenciesMetadata,testRuntimeClasspath
com.squareup.okhttp3:mockwebserver:4.9.0=gradleTestCompileClasspath,gradleTestImplementationDependenciesMetadata,gradleTestRuntimeClasspath
com.squareup.okhttp3:okhttp:4.9.0=compileClasspath,gradleTestCompileClasspath,gradleTestCompileOnly,gradleTestCompileOnlyDependenciesMetadata,gradleTestImplementationDependenciesMetadata,gradleTestRuntimeClasspath,gradleTestRuntimeOnlyDependenciesMetadata,implementationDependenciesMetadata,runtimeClasspath,testCompileClasspath,testImplementationDependenciesMetadata,testRuntimeClasspath
com.squareup.okio:okio-metadata:2.8.0=gradleTestCompileOnlyDependenciesMetadata,gradleTestImplementationDependenciesMetadata,gradleTestRuntimeOnlyDependenciesMetadata,implementationDependenciesMetadata,testImplementationDependenciesMetadata
com.squareup.okio:okio:2.8.0=compileClasspath,gradleTestCompileClasspath,gradleTestCompileOnly,gradleTestCompileOnlyDependenciesMetadata,gradleTestImplementationDependenciesMetadata,gradleTestRuntimeClasspath,gradleTestRuntimeOnlyDependenciesMetadata,implementationDependenciesMetadata,runtimeClasspath,testCompileClasspath,testImplementationDependenciesMetadata,testRuntimeClasspath
com.squareup.retrofit2:converter-gson:2.9.0=compileClasspath,gradleTestCompileClasspath,gradleTestCompileOnly,gradleTestCompileOnlyDependenciesMetadata,gradleTestImplementationDependenciesMetadata,gradleTestRuntimeClasspath,gradleTestRuntimeOnlyDependenciesMetadata,implementationDependenciesMetadata,runtimeClasspath,testCompileClasspath,testImplementationDependenciesMetadata,testRuntimeClasspath
com.squareup.retrofit2:retrofit:2.9.0=compileClasspath,gradleTestCompileClasspath,gradleTestCompileOnly,gradleTestCompileOnlyDependenciesMetadata,gradleTestImplementationDependenciesMetadata,gradleTestRuntimeClasspath,gradleTestRuntimeOnlyDependenciesMetadata,implementationDependenciesMetadata,runtimeClasspath,testCompileClasspath,testImplementationDependenciesMetadata,testRuntimeClasspath
com.squareup:javapoet:1.10.0=gradleTestCompileOnly,gradleTestRuntimeClasspath,runtimeClasspath,testRuntimeClasspath
com.squareup:javawriter:2.5.0=compileClasspath,gradleTestCompileClasspath,gradleTestCompileOnly,gradleTestCompileOnlyDependenciesMetadata,gradleTestImplementationDependenciesMetadata,gradleTestRuntimeClasspath,gradleTestRuntimeOnlyDependenciesMetadata,implementationDependenciesMetadata,runtimeClasspath,testCompileClasspath,testImplementationDependenciesMetadata,testRuntimeClasspath
com.sun.activation:javax.activation:1.2.0=gradleTestCompileOnly,gradleTestRuntimeClasspath,runtimeClasspath,testRuntimeClasspath
com.sun.istack:istack-commons-runtime:3.0.8=gradleTestCompileOnly,gradleTestRuntimeClasspath,runtimeClasspath,testRuntimeClasspath
com.sun.xml.fastinfoset:FastInfoset:1.2.16=gradleTestCompileOnly,gradleTestRuntimeClasspath,runtimeClasspath,testRuntimeClasspath
com.timgroup:java-statsd-client:3.1.0=gradleTestCompileOnly,gradleTestRuntimeClasspath,runtimeClasspath,testRuntimeClasspath
com.vaadin.external.google:android-json:0.0.20131108.vaadin1=gradleTestRuntimeClasspath
commons-codec:commons-codec:1.10=gradleTestCompileOnly,gradleTestRuntimeClasspath,runtimeClasspath,testRuntimeClasspath
commons-io:commons-io:2.4=gradleTestCompileOnly,gradleTestRuntimeClasspath,runtimeClasspath,testRuntimeClasspath
commons-logging:commons-logging:1.2=gradleTestCompileOnly,gradleTestRuntimeClasspath,runtimeClasspath,testRuntimeClasspath
io.grpc:grpc-api:1.21.1=gradleTestCompileOnly,gradleTestRuntimeClasspath,runtimeClasspath,testRuntimeClasspath
io.grpc:grpc-context:1.21.1=gradleTestCompileOnly,gradleTestRuntimeClasspath,runtimeClasspath,testRuntimeClasspath
io.grpc:grpc-core:1.21.1=gradleTestCompileOnly,gradleTestRuntimeClasspath,runtimeClasspath,testRuntimeClasspath
io.grpc:grpc-netty:1.21.1=gradleTestCompileOnly,gradleTestRuntimeClasspath,runtimeClasspath,testRuntimeClasspath
io.grpc:grpc-protobuf-lite:1.21.1=gradleTestCompileOnly,gradleTestRuntimeClasspath,runtimeClasspath,testRuntimeClasspath
io.grpc:grpc-protobuf:1.21.1=gradleTestCompileOnly,gradleTestRuntimeClasspath,runtimeClasspath,testRuntimeClasspath
io.grpc:grpc-stub:1.21.1=gradleTestCompileOnly,gradleTestRuntimeClasspath,runtimeClasspath,testRuntimeClasspath
io.netty:netty-buffer:4.1.34.Final=gradleTestCompileOnly,gradleTestRuntimeClasspath,runtimeClasspath,testRuntimeClasspath
io.netty:netty-codec-http2:4.1.34.Final=gradleTestCompileOnly,gradleTestRuntimeClasspath,runtimeClasspath,testRuntimeClasspath
io.netty:netty-codec-http:4.1.34.Final=gradleTestCompileOnly,gradleTestRuntimeClasspath,runtimeClasspath,testRuntimeClasspath
io.netty:netty-codec-socks:4.1.34.Final=gradleTestCompileOnly,gradleTestRuntimeClasspath,runtimeClasspath,testRuntimeClasspath
io.netty:netty-codec:4.1.34.Final=gradleTestCompileOnly,gradleTestRuntimeClasspath,runtimeClasspath,testRuntimeClasspath
io.netty:netty-common:4.1.34.Final=gradleTestCompileOnly,gradleTestRuntimeClasspath,runtimeClasspath,testRuntimeClasspath
io.netty:netty-handler-proxy:4.1.34.Final=gradleTestCompileOnly,gradleTestRuntimeClasspath,runtimeClasspath,testRuntimeClasspath
io.netty:netty-handler:4.1.34.Final=gradleTestCompileOnly,gradleTestRuntimeClasspath,runtimeClasspath,testRuntimeClasspath
io.netty:netty-resolver:4.1.34.Final=gradleTestCompileOnly,gradleTestRuntimeClasspath,runtimeClasspath,testRuntimeClasspath
io.netty:netty-transport:4.1.34.Final=gradleTestCompileOnly,gradleTestRuntimeClasspath,runtimeClasspath,testRuntimeClasspath
io.opencensus:opencensus-api:0.21.0=gradleTestCompileOnly,gradleTestRuntimeClasspath,runtimeClasspath,testRuntimeClasspath
io.opencensus:opencensus-contrib-grpc-metrics:0.21.0=gradleTestCompileOnly,gradleTestRuntimeClasspath,runtimeClasspath,testRuntimeClasspath
it.unimi.dsi:fastutil:8.4.0=gradleTestCompileOnly,gradleTestRuntimeClasspath,runtimeClasspath,testRuntimeClasspath
jakarta.activation:jakarta.activation-api:1.2.1=gradleTestCompileOnly,gradleTestRuntimeClasspath,runtimeClasspath,testRuntimeClasspath
jakarta.xml.bind:jakarta.xml.bind-api:2.3.2=gradleTestCompileOnly,gradleTestRuntimeClasspath,runtimeClasspath,testRuntimeClasspath
javax.inject:javax.inject:1=gradleTestCompileOnly,gradleTestRuntimeClasspath,runtimeClasspath,testRuntimeClasspath
junit:junit:4.12=testCompileClasspath,testImplementationDependenciesMetadata
junit:junit:4.13=gradleTestCompileClasspath,gradleTestImplementationDependenciesMetadata
junit:junit:4.13.2=gradleTestRuntimeClasspath,gradleTestRuntimeOnlyDependenciesMetadata,testRuntimeClasspath,testRuntimeOnlyDependenciesMetadata
net.java.dev.jna:jna-platform:5.6.0=gradleTestCompileOnly,gradleTestRuntimeClasspath,runtimeClasspath,testRuntimeClasspath
net.java.dev.jna:jna:5.6.0=gradleTestCompileOnly,gradleTestRuntimeClasspath,runtimeClasspath,testRuntimeClasspath
net.sf.jopt-simple:jopt-simple:4.9=gradleTestCompileOnly,gradleTestRuntimeClasspath,runtimeClasspath,testRuntimeClasspath
net.sf.kxml:kxml2:2.3.0=gradleTestCompileOnly,gradleTestRuntimeClasspath,runtimeClasspath,testRuntimeClasspath
org.antlr:antlr4:4.5.3=gradleTestCompileOnly,gradleTestRuntimeClasspath,runtimeClasspath,testRuntimeClasspath
org.apache.commons:commons-compress:1.20=gradleTestCompileOnly,gradleTestRuntimeClasspath,runtimeClasspath,testRuntimeClasspath
org.apache.commons:commons-lang3:3.8.1=gradleTestRuntimeClasspath
org.apache.httpcomponents:httpclient:4.5.6=gradleTestCompileOnly,gradleTestRuntimeClasspath,runtimeClasspath,testRuntimeClasspath
org.apache.httpcomponents:httpcore:4.4.10=gradleTestCompileOnly,gradleTestRuntimeClasspath,runtimeClasspath,testRuntimeClasspath
org.apache.httpcomponents:httpmime:4.5.6=gradleTestCompileOnly,gradleTestRuntimeClasspath,runtimeClasspath,testRuntimeClasspath
org.apiguardian:apiguardian-api:1.1.2=gradleTestCompileClasspath,gradleTestImplementationDependenciesMetadata,gradleTestRuntimeOnlyDependenciesMetadata,testCompileClasspath,testImplementationDependenciesMetadata,testRuntimeOnlyDependenciesMetadata
org.bitbucket.b_c:jose4j:0.7.0=gradleTestCompileOnly,gradleTestRuntimeClasspath,runtimeClasspath,testRuntimeClasspath
org.bouncycastle:bcpkix-jdk15on:1.56=gradleTestCompileOnly,gradleTestRuntimeClasspath,runtimeClasspath,testRuntimeClasspath
org.bouncycastle:bcprov-jdk15on:1.56=gradleTestCompileOnly,gradleTestRuntimeClasspath,runtimeClasspath,testRuntimeClasspath
org.checkerframework:checker-compat-qual:2.5.5=gradleTestCompileClasspath,gradleTestImplementationDependenciesMetadata,gradleTestRuntimeClasspath,testCompileClasspath,testImplementationDependenciesMetadata,testRuntimeClasspath
org.checkerframework:checker-qual:3.5.0=gradleTestCompileOnly,gradleTestRuntimeClasspath,runtimeClasspath,testRuntimeClasspath
org.codehaus.mojo:animal-sniffer-annotations:1.17=gradleTestCompileClasspath,gradleTestCompileOnly,gradleTestImplementationDependenciesMetadata,gradleTestRuntimeClasspath,runtimeClasspath,testCompileClasspath,testImplementationDependenciesMetadata,testRuntimeClasspath
org.codehaus.woodstox:stax2-api:4.2.1=gradleTestCompileOnly,gradleTestRuntimeClasspath,runtimeClasspath,testRuntimeClasspath
org.glassfish.jaxb:jaxb-runtime:2.3.2=gradleTestCompileOnly,gradleTestRuntimeClasspath,runtimeClasspath,testRuntimeClasspath
org.glassfish.jaxb:txw2:2.3.2=gradleTestCompileOnly,gradleTestRuntimeClasspath,runtimeClasspath,testRuntimeClasspath
org.hamcrest:hamcrest-core:1.3=gradleTestCompileClasspath,gradleTestImplementationDependenciesMetadata,gradleTestRuntimeOnlyDependenciesMetadata,testCompileClasspath,testImplementationDependenciesMetadata,testRuntimeClasspath,testRuntimeOnlyDependenciesMetadata
org.hamcrest:hamcrest-core:2.2=gradleTestRuntimeClasspath
org.hamcrest:hamcrest-library:2.2=gradleTestRuntimeClasspath
org.hamcrest:hamcrest:2.2=gradleTestRuntimeClasspath
org.jdom:jdom2:2.0.6=gradleTestCompileOnly,gradleTestRuntimeClasspath,runtimeClasspath,testRuntimeClasspath
org.jetbrains.dokka:dokka-core:1.4.32=gradleTestCompileOnly,gradleTestRuntimeClasspath,runtimeClasspath,testRuntimeClasspath
org.jetbrains.intellij.deps:trove4j:1.0.20181211=gradleTestCompileOnly,gradleTestRuntimeClasspath,kotlinCompilerClasspath,kotlinKlibCommonizerClasspath,runtimeClasspath,testRuntimeClasspath
org.jetbrains.kotlin:kotlin-compiler-embeddable:1.5.31=kotlinCompilerClasspath,kotlinKlibCommonizerClasspath
org.jetbrains.kotlin:kotlin-daemon-embeddable:1.5.31=kotlinCompilerClasspath,kotlinKlibCommonizerClasspath
org.jetbrains.kotlin:kotlin-klib-commonizer-embeddable:1.5.31=kotlinKlibCommonizerClasspath
org.jetbrains.kotlin:kotlin-reflect:1.5.31=gradleTestRuntimeClasspath,kotlinCompilerClasspath,kotlinKlibCommonizerClasspath
org.jetbrains.kotlin:kotlin-script-runtime:1.5.31=kotlinCompilerClasspath,kotlinCompilerPluginClasspathGradleTest,kotlinCompilerPluginClasspathMain,kotlinCompilerPluginClasspathTest,kotlinKlibCommonizerClasspath
org.jetbrains.kotlin:kotlin-scripting-common:1.5.31=kotlinCompilerPluginClasspathGradleTest,kotlinCompilerPluginClasspathMain,kotlinCompilerPluginClasspathTest
org.jetbrains.kotlin:kotlin-scripting-compiler-embeddable:1.5.31=kotlinCompilerPluginClasspathGradleTest,kotlinCompilerPluginClasspathMain,kotlinCompilerPluginClasspathTest
org.jetbrains.kotlin:kotlin-scripting-compiler-impl-embeddable:1.5.31=kotlinCompilerPluginClasspathGradleTest,kotlinCompilerPluginClasspathMain,kotlinCompilerPluginClasspathTest
org.jetbrains.kotlin:kotlin-scripting-jvm:1.5.31=kotlinCompilerPluginClasspathGradleTest,kotlinCompilerPluginClasspathMain,kotlinCompilerPluginClasspathTest
org.jetbrains.kotlin:kotlin-stdlib-common:1.5.31=apiDependenciesMetadata,compileClasspath,gradleTestCompileClasspath,gradleTestCompileOnly,gradleTestCompileOnlyDependenciesMetadata,gradleTestImplementationDependenciesMetadata,gradleTestRuntimeClasspath,gradleTestRuntimeOnlyDependenciesMetadata,implementationDependenciesMetadata,kotlinCompilerClasspath,kotlinCompilerPluginClasspathGradleTest,kotlinCompilerPluginClasspathMain,kotlinCompilerPluginClasspathTest,kotlinKlibCommonizerClasspath,runtimeClasspath,testCompileClasspath,testImplementationDependenciesMetadata,testRuntimeClasspath
org.jetbrains.kotlin:kotlin-stdlib-jdk7:1.5.0=kotlinCompilerPluginClasspathGradleTest,kotlinCompilerPluginClasspathMain,kotlinCompilerPluginClasspathTest
org.jetbrains.kotlin:kotlin-stdlib-jdk7:1.5.31=apiDependenciesMetadata,compileClasspath,gradleTestCompileClasspath,gradleTestCompileOnly,gradleTestCompileOnlyDependenciesMetadata,gradleTestImplementationDependenciesMetadata,gradleTestRuntimeClasspath,gradleTestRuntimeOnlyDependenciesMetadata,implementationDependenciesMetadata,runtimeClasspath,testCompileClasspath,testImplementationDependenciesMetadata,testRuntimeClasspath
org.jetbrains.kotlin:kotlin-stdlib-jdk8:1.5.0=kotlinCompilerPluginClasspathGradleTest,kotlinCompilerPluginClasspathMain,kotlinCompilerPluginClasspathTest
org.jetbrains.kotlin:kotlin-stdlib-jdk8:1.5.31=apiDependenciesMetadata,compileClasspath,gradleTestCompileClasspath,gradleTestCompileOnly,gradleTestCompileOnlyDependenciesMetadata,gradleTestImplementationDependenciesMetadata,gradleTestRuntimeClasspath,gradleTestRuntimeOnlyDependenciesMetadata,implementationDependenciesMetadata,runtimeClasspath,testCompileClasspath,testImplementationDependenciesMetadata,testRuntimeClasspath
org.jetbrains.kotlin:kotlin-stdlib:1.5.31=apiDependenciesMetadata,compileClasspath,gradleTestCompileClasspath,gradleTestCompileOnly,gradleTestCompileOnlyDependenciesMetadata,gradleTestImplementationDependenciesMetadata,gradleTestRuntimeClasspath,gradleTestRuntimeOnlyDependenciesMetadata,implementationDependenciesMetadata,kotlinCompilerClasspath,kotlinCompilerPluginClasspathGradleTest,kotlinCompilerPluginClasspathMain,kotlinCompilerPluginClasspathTest,kotlinKlibCommonizerClasspath,runtimeClasspath,testCompileClasspath,testImplementationDependenciesMetadata,testRuntimeClasspath
org.jetbrains.kotlinx:kotlinx-coroutines-core-jvm:1.4.1=gradleTestCompileOnly,gradleTestRuntimeClasspath,runtimeClasspath,testRuntimeClasspath
org.jetbrains.kotlinx:kotlinx-coroutines-core-jvm:1.5.0=kotlinCompilerPluginClasspathGradleTest,kotlinCompilerPluginClasspathMain,kotlinCompilerPluginClasspathTest
org.jetbrains.kotlinx:kotlinx-coroutines-core:1.4.1=gradleTestCompileOnly,gradleTestRuntimeClasspath,runtimeClasspath,testRuntimeClasspath
org.jetbrains.kotlinx:kotlinx-coroutines-core:1.5.0=kotlinCompilerPluginClasspathGradleTest,kotlinCompilerPluginClasspathMain,kotlinCompilerPluginClasspathTest
org.jetbrains:annotations:13.0=apiDependenciesMetadata,compileClasspath,gradleTestCompileClasspath,gradleTestCompileOnly,gradleTestCompileOnlyDependenciesMetadata,gradleTestImplementationDependenciesMetadata,gradleTestRuntimeClasspath,gradleTestRuntimeOnlyDependenciesMetadata,implementationDependenciesMetadata,kotlinCompilerClasspath,kotlinCompilerPluginClasspathGradleTest,kotlinCompilerPluginClasspathMain,kotlinCompilerPluginClasspathTest,kotlinKlibCommonizerClasspath,runtimeClasspath,testCompileClasspath,testImplementationDependenciesMetadata,testRuntimeClasspath
org.jetbrains:markdown-jvm:0.2.1=gradleTestCompileOnly,gradleTestRuntimeClasspath,runtimeClasspath,testRuntimeClasspath
org.jetbrains:markdown:0.2.1=gradleTestCompileOnly,gradleTestRuntimeClasspath,runtimeClasspath,testRuntimeClasspath
org.json:json:20180813=gradleTestCompileOnly,gradleTestRuntimeClasspath,runtimeClasspath,testRuntimeClasspath
org.jsoup:jsoup:1.13.1=gradleTestCompileOnly,gradleTestRuntimeClasspath,runtimeClasspath,testRuntimeClasspath
org.junit.jupiter:junit-jupiter-api:5.8.0=gradleTestCompileClasspath,gradleTestImplementationDependenciesMetadata,gradleTestRuntimeClasspath,gradleTestRuntimeOnlyDependenciesMetadata,testCompileClasspath,testImplementationDependenciesMetadata,testRuntimeClasspath,testRuntimeOnlyDependenciesMetadata
org.junit.jupiter:junit-jupiter-engine:5.8.0=gradleTestRuntimeClasspath,gradleTestRuntimeOnlyDependenciesMetadata,testRuntimeClasspath,testRuntimeOnlyDependenciesMetadata
org.junit.platform:junit-platform-commons:1.8.0=gradleTestCompileClasspath,gradleTestImplementationDependenciesMetadata,gradleTestRuntimeClasspath,gradleTestRuntimeOnlyDependenciesMetadata,testCompileClasspath,testImplementationDependenciesMetadata,testRuntimeClasspath,testRuntimeOnlyDependenciesMetadata
org.junit.platform:junit-platform-engine:1.8.0=gradleTestRuntimeClasspath,gradleTestRuntimeOnlyDependenciesMetadata,testRuntimeClasspath,testRuntimeOnlyDependenciesMetadata
org.junit.platform:junit-platform-launcher:1.8.0=gradleTestRuntimeClasspath,gradleTestRuntimeOnlyDependenciesMetadata,testRuntimeClasspath,testRuntimeOnlyDependenciesMetadata
org.junit.platform:junit-platform-runner:1.8.0=gradleTestRuntimeClasspath,gradleTestRuntimeOnlyDependenciesMetadata,testRuntimeClasspath,testRuntimeOnlyDependenciesMetadata
org.junit.platform:junit-platform-suite-api:1.8.0=gradleTestRuntimeClasspath,gradleTestRuntimeOnlyDependenciesMetadata,testRuntimeClasspath,testRuntimeOnlyDependenciesMetadata
org.junit.platform:junit-platform-suite-commons:1.8.0=gradleTestRuntimeClasspath,testRuntimeClasspath
org.junit:junit-bom:5.8.0=gradleTestCompileClasspath,gradleTestImplementationDependenciesMetadata,gradleTestRuntimeClasspath,gradleTestRuntimeOnlyDependenciesMetadata,testCompileClasspath,testImplementationDependenciesMetadata,testRuntimeClasspath,testRuntimeOnlyDependenciesMetadata
org.jvnet.staxex:stax-ex:1.8.1=gradleTestCompileOnly,gradleTestRuntimeClasspath,runtimeClasspath,testRuntimeClasspath
org.opentest4j:opentest4j:1.2.0=gradleTestCompileClasspath,gradleTestImplementationDependenciesMetadata,gradleTestRuntimeClasspath,gradleTestRuntimeOnlyDependenciesMetadata,testCompileClasspath,testImplementationDependenciesMetadata,testRuntimeClasspath,testRuntimeOnlyDependenciesMetadata
org.ow2.asm:asm-analysis:9.1=gradleTestCompileOnly,gradleTestRuntimeClasspath,runtimeClasspath,testRuntimeClasspath
org.ow2.asm:asm-commons:9.1=gradleTestCompileOnly,gradleTestRuntimeClasspath,runtimeClasspath,testRuntimeClasspath
org.ow2.asm:asm-tree:9.1=gradleTestCompileOnly,gradleTestRuntimeClasspath,runtimeClasspath,testRuntimeClasspath
org.ow2.asm:asm-util:9.1=gradleTestCompileOnly,gradleTestRuntimeClasspath,runtimeClasspath,testRuntimeClasspath
org.ow2.asm:asm:9.1=compileClasspath,gradleTestCompileClasspath,gradleTestCompileOnly,gradleTestCompileOnlyDependenciesMetadata,gradleTestImplementationDependenciesMetadata,gradleTestRuntimeClasspath,gradleTestRuntimeOnlyDependenciesMetadata,implementationDependenciesMetadata,runtimeClasspath,testCompileClasspath,testImplementationDependenciesMetadata,testRuntimeClasspath
org.skyscreamer:jsonassert:1.5.0=gradleTestRuntimeClasspath
org.slf4j:slf4j-api:1.7.30=gradleTestCompileOnly,gradleTestRuntimeClasspath,runtimeClasspath,testRuntimeClasspath
org.tensorflow:tensorflow-lite-metadata:0.1.0-rc2=gradleTestCompileOnly,gradleTestRuntimeClasspath,runtimeClasspath,testRuntimeClasspath
xerces:xercesImpl:2.12.0=gradleTestCompileOnly,gradleTestRuntimeClasspath,runtimeClasspath,testRuntimeClasspath
xml-apis:xml-apis:1.4.01=gradleTestCompileOnly,gradleTestRuntimeClasspath,runtimeClasspath,testRuntimeClasspath
empty=annotationProcessor,compileOnly,compileOnlyDependenciesMetadata,gradleTestAnnotationProcessor,gradleTestApiDependenciesMetadata,gradleTestIntransitiveDependenciesMetadata,gradleTestKotlinScriptDef,gradleTestKotlinScriptDefExtensions,intransitiveDependenciesMetadata,kotlinCompilerPluginClasspath,kotlinNativeCompilerPluginClasspath,kotlinScriptDef,kotlinScriptDefExtensions,runtimeOnlyDependenciesMetadata,signatures,testAnnotationProcessor,testApiDependenciesMetadata,testCompileOnly,testCompileOnlyDependenciesMetadata,testIntransitiveDependenciesMetadata,testKotlinScriptDef,testKotlinScriptDefExtensions
