# This is a Gradle generated file for dependency locking.
# Manual edits can break the build and are not advised.
# This file is expected to be part of source control.
androidx.annotation:annotation:1.1.0=runtimeClasspath,testFixturesRuntimeClasspath,testRuntimeClasspath
androidx.databinding:databinding-common:7.4.1=runtimeClasspath,testFixturesRuntimeClasspath,testRuntimeClasspath
androidx.databinding:databinding-compiler-common:7.4.1=runtimeClasspath,testFixturesRuntimeClasspath,testRuntimeClasspath
com.android.databinding:baseLibrary:7.4.1=runtimeClasspath,testFixturesRuntimeClasspath,testRuntimeClasspath
com.android.tools.analytics-library:crash:30.4.1=runtimeClasspath,testFixturesRuntimeClasspath,testRuntimeClasspath
com.android.tools.analytics-library:protos:30.4.1=runtimeClasspath,testFixturesRuntimeClasspath,testRuntimeClasspath
com.android.tools.analytics-library:shared:30.4.1=runtimeClasspath,testFixturesRuntimeClasspath,testRuntimeClasspath
com.android.tools.analytics-library:tracker:30.4.1=runtimeClasspath,testFixturesRuntimeClasspath,testRuntimeClasspath
com.android.tools.build.jetifier:jetifier-core:1.0.0-beta10=runtimeClasspath,testFixturesRuntimeClasspath,testRuntimeClasspath
com.android.tools.build.jetifier:jetifier-processor:1.0.0-beta10=runtimeClasspath,testFixturesRuntimeClasspath,testRuntimeClasspath
com.android.tools.build:aapt2-proto:7.4.1-8841542=runtimeClasspath,testFixturesRuntimeClasspath,testRuntimeClasspath
com.android.tools.build:aaptcompiler:7.4.1=runtimeClasspath,testFixturesRuntimeClasspath,testRuntimeClasspath
com.android.tools.build:apksig:7.4.1=compileClasspath,implementationDependenciesMetadata,runtimeClasspath,testCompileClasspath,testFixturesCompileClasspath,testFixturesRuntimeClasspath,testImplementationDependenciesMetadata,testRuntimeClasspath
com.android.tools.build:apkzlib:7.4.1=compileClasspath,implementationDependenciesMetadata,runtimeClasspath,testCompileClasspath,testFixturesCompileClasspath,testFixturesRuntimeClasspath,testImplementationDependenciesMetadata,testRuntimeClasspath
com.android.tools.build:builder-model:7.4.1=compileClasspath,implementationDependenciesMetadata,runtimeClasspath,testCompileClasspath,testFixturesCompileClasspath,testFixturesRuntimeClasspath,testImplementationDependenciesMetadata,testRuntimeClasspath
com.android.tools.build:builder-test-api:7.4.1=runtimeClasspath,testFixturesRuntimeClasspath,testRuntimeClasspath
com.android.tools.build:builder:7.4.1=compileClasspath,implementationDependenciesMetadata,runtimeClasspath,testCompileClasspath,testFixturesCompileClasspath,testFixturesRuntimeClasspath,testImplementationDependenciesMetadata,testRuntimeClasspath
com.android.tools.build:bundletool:1.11.4=runtimeClasspath,testFixturesRuntimeClasspath,testRuntimeClasspath
com.android.tools.build:gradle-api:7.4.1=compileClasspath,implementationDependenciesMetadata,runtimeClasspath,testCompileClasspath,testFixturesCompileClasspath,testFixturesRuntimeClasspath,testImplementationDependenciesMetadata,testRuntimeClasspath
com.android.tools.build:gradle-settings-api:7.4.1=runtimeClasspath,testFixturesRuntimeClasspath,testRuntimeClasspath
com.android.tools.build:gradle:7.4.1=compileClasspath,implementationDependenciesMetadata,runtimeClasspath,testCompileClasspath,testFixturesCompileClasspath,testFixturesRuntimeClasspath,testImplementationDependenciesMetadata,testRuntimeClasspath
com.android.tools.build:manifest-merger:30.4.1=compileClasspath,implementationDependenciesMetadata,runtimeClasspath,testCompileClasspath,testFixturesCompileClasspath,testFixturesRuntimeClasspath,testImplementationDependenciesMetadata,testRuntimeClasspath
com.android.tools.build:transform-api:2.0.0-deprecated-use-gradle-api=runtimeClasspath,testFixturesRuntimeClasspath,testRuntimeClasspath
com.android.tools.ddms:ddmlib:30.4.1=runtimeClasspath,testFixturesRuntimeClasspath,testRuntimeClasspath
com.android.tools.layoutlib:layoutlib-api:30.4.1=runtimeClasspath,testFixturesRuntimeClasspath,testRuntimeClasspath
com.android.tools.lint:lint-model:30.4.1=runtimeClasspath,testFixturesRuntimeClasspath,testRuntimeClasspath
com.android.tools.lint:lint-typedef-remover:30.4.1=runtimeClasspath,testFixturesRuntimeClasspath,testRuntimeClasspath
com.android.tools.utp:android-device-provider-ddmlib-proto:30.4.1=runtimeClasspath,testFixturesRuntimeClasspath,testRuntimeClasspath
com.android.tools.utp:android-device-provider-gradle-proto:30.4.1=runtimeClasspath,testFixturesRuntimeClasspath,testRuntimeClasspath
com.android.tools.utp:android-test-plugin-host-additional-test-output-proto:30.4.1=runtimeClasspath,testFixturesRuntimeClasspath,testRuntimeClasspath
com.android.tools.utp:android-test-plugin-host-coverage-proto:30.4.1=runtimeClasspath,testFixturesRuntimeClasspath,testRuntimeClasspath
com.android.tools.utp:android-test-plugin-host-retention-proto:30.4.1=runtimeClasspath,testFixturesRuntimeClasspath,testRuntimeClasspath
com.android.tools.utp:android-test-plugin-result-listener-gradle-proto:30.4.1=runtimeClasspath,testFixturesRuntimeClasspath,testRuntimeClasspath
com.android.tools:annotations:30.4.1=runtimeClasspath,testFixturesRuntimeClasspath,testRuntimeClasspath
com.android.tools:common:30.4.1=runtimeClasspath,testFixturesRuntimeClasspath,testRuntimeClasspath
com.android.tools:dvlib:30.4.1=runtimeClasspath,testFixturesRuntimeClasspath,testRuntimeClasspath
com.android.tools:repository:30.4.1=runtimeClasspath,testFixturesRuntimeClasspath,testRuntimeClasspath
com.android.tools:sdk-common:30.4.1=runtimeClasspath,testFixturesRuntimeClasspath,testRuntimeClasspath
com.android.tools:sdklib:30.4.1=runtimeClasspath,testFixturesRuntimeClasspath,testRuntimeClasspath
com.android:signflinger:7.4.1=runtimeClasspath,testFixturesRuntimeClasspath,testRuntimeClasspath
com.android:zipflinger:7.4.1=compileClasspath,implementationDependenciesMetadata,runtimeClasspath,testCompileClasspath,testFixturesCompileClasspath,testFixturesRuntimeClasspath,testImplementationDependenciesMetadata,testRuntimeClasspath
com.github.gundy:semver4j:0.16.4=runtimeClasspath,testFixturesRuntimeClasspath,testRuntimeClasspath
com.google.android:annotations:4.1.1.4=runtimeClasspath,testFixturesRuntimeClasspath,testRuntimeClasspath
com.google.api.grpc:proto-google-common-protos:2.0.1=runtimeClasspath,testFixturesRuntimeClasspath,testRuntimeClasspath
com.google.auto.value:auto-value-annotations:1.6.2=runtimeClasspath
com.google.auto.value:auto-value-annotations:1.6.3=testCompileClasspath,testFixturesCompileClasspath,testFixturesImplementationDependenciesMetadata,testFixturesRuntimeClasspath,testImplementationDependenciesMetadata,testRuntimeClasspath
com.google.code.findbugs:jsr305:3.0.2=runtimeClasspath,testCompileClasspath,testFixturesCompileClasspath,testFixturesImplementationDependenciesMetadata,testFixturesRuntimeClasspath,testImplementationDependenciesMetadata,testRuntimeClasspath
com.google.code.gson:gson:2.8.9=runtimeClasspath,testFixturesRuntimeClasspath,testRuntimeClasspath
com.google.crypto.tink:tink:1.3.0-rc2=runtimeClasspath,testFixturesRuntimeClasspath,testRuntimeClasspath
com.google.dagger:dagger:2.28.3=runtimeClasspath,testFixturesRuntimeClasspath,testRuntimeClasspath
com.google.errorprone:error_prone_annotations:2.3.1=testCompileClasspath,testFixturesCompileClasspath,testFixturesImplementationDependenciesMetadata,testImplementationDependenciesMetadata
com.google.errorprone:error_prone_annotations:2.4.0=runtimeClasspath,testFixturesRuntimeClasspath,testRuntimeClasspath
com.google.flatbuffers:flatbuffers-java:1.12.0=runtimeClasspath,testFixturesRuntimeClasspath,testRuntimeClasspath
com.google.guava:failureaccess:1.0.1=runtimeClasspath,testCompileClasspath,testFixturesCompileClasspath,testFixturesImplementationDependenciesMetadata,testFixturesRuntimeClasspath,testImplementationDependenciesMetadata,testRuntimeClasspath
com.google.guava:guava:27.0.1-android=testCompileClasspath,testFixturesCompileClasspath,testFixturesImplementationDependenciesMetadata,testImplementationDependenciesMetadata
com.google.guava:guava:30.1-jre=runtimeClasspath,testFixturesRuntimeClasspath,testRuntimeClasspath
com.google.guava:listenablefuture:9999.0-empty-to-avoid-conflict-with-guava=runtimeClasspath,testCompileClasspath,testFixturesCompileClasspath,testFixturesImplementationDependenciesMetadata,testFixturesRuntimeClasspath,testImplementationDependenciesMetadata,testRuntimeClasspath
com.google.j2objc:j2objc-annotations:1.1=testCompileClasspath,testFixturesCompileClasspath,testFixturesImplementationDependenciesMetadata,testImplementationDependenciesMetadata
com.google.j2objc:j2objc-annotations:1.3=runtimeClasspath,testFixturesRuntimeClasspath,testRuntimeClasspath
com.google.jimfs:jimfs:1.1=runtimeClasspath,testFixturesRuntimeClasspath,testRuntimeClasspath
com.google.protobuf:protobuf-java-util:3.17.2=runtimeClasspath,testFixturesRuntimeClasspath,testRuntimeClasspath
com.google.protobuf:protobuf-java:3.17.2=runtimeClasspath,testFixturesRuntimeClasspath,testRuntimeClasspath
com.google.testing.platform:core-proto:0.0.8-alpha08=runtimeClasspath,testFixturesRuntimeClasspath,testRuntimeClasspath
com.google.truth:truth:1.0=testCompileClasspath,testFixturesCompileClasspath,testFixturesImplementationDependenciesMetadata,testFixturesRuntimeClasspath,testImplementationDependenciesMetadata,testRuntimeClasspath
com.googlecode.java-diff-utils:diffutils:1.3.0=testCompileClasspath,testFixturesCompileClasspath,testFixturesImplementationDependenciesMetadata,testFixturesRuntimeClasspath,testImplementationDependenciesMetadata,testRuntimeClasspath
com.googlecode.juniversalchardet:juniversalchardet:1.0.3=runtimeClasspath,testFixturesRuntimeClasspath,testRuntimeClasspath
com.nhaarman.mockitokotlin2:mockito-kotlin:2.2.0=testCompileClasspath,testImplementationDependenciesMetadata,testRuntimeClasspath
com.squareup:javapoet:1.10.0=runtimeClasspath,testFixturesRuntimeClasspath,testRuntimeClasspath
com.squareup:javawriter:2.5.0=compileClasspath,implementationDependenciesMetadata,runtimeClasspath,testCompileClasspath,testFixturesCompileClasspath,testFixturesRuntimeClasspath,testImplementationDependenciesMetadata,testRuntimeClasspath
com.sun.activation:javax.activation:1.2.0=runtimeClasspath,testFixturesRuntimeClasspath,testRuntimeClasspath
com.sun.istack:istack-commons-runtime:3.0.8=runtimeClasspath,testFixturesRuntimeClasspath,testRuntimeClasspath
com.sun.xml.fastinfoset:FastInfoset:1.2.16=runtimeClasspath,testFixturesRuntimeClasspath,testRuntimeClasspath
commons-codec:commons-codec:1.11=runtimeClasspath,testFixturesRuntimeClasspath,testRuntimeClasspath
commons-io:commons-io:2.4=runtimeClasspath,testFixturesRuntimeClasspath,testRuntimeClasspath
commons-logging:commons-logging:1.2=runtimeClasspath,testFixturesRuntimeClasspath,testRuntimeClasspath
de.undercouch:gradle-download-task:4.1.1=runtimeClasspath,testFixturesRuntimeClasspath,testRuntimeClasspath
io.github.azagniotov:ant-style-path-matcher:1.0.0=compileClasspath,implementationDependenciesMetadata,runtimeClasspath,testCompileClasspath,testFixturesCompileClasspath,testFixturesRuntimeClasspath,testImplementationDependenciesMetadata,testRuntimeClasspath
io.grpc:grpc-api:1.39.0=runtimeClasspath,testFixturesRuntimeClasspath,testRuntimeClasspath
io.grpc:grpc-context:1.39.0=runtimeClasspath,testFixturesRuntimeClasspath,testRuntimeClasspath
io.grpc:grpc-core:1.39.0=runtimeClasspath,testFixturesRuntimeClasspath,testRuntimeClasspath
io.grpc:grpc-netty:1.39.0=runtimeClasspath,testFixturesRuntimeClasspath,testRuntimeClasspath
io.grpc:grpc-protobuf-lite:1.39.0=runtimeClasspath,testFixturesRuntimeClasspath,testRuntimeClasspath
io.grpc:grpc-protobuf:1.39.0=runtimeClasspath,testFixturesRuntimeClasspath,testRuntimeClasspath
io.grpc:grpc-stub:1.39.0=runtimeClasspath,testFixturesRuntimeClasspath,testRuntimeClasspath
io.netty:netty-buffer:4.1.52.Final=runtimeClasspath,testFixturesRuntimeClasspath,testRuntimeClasspath
io.netty:netty-codec-http2:4.1.52.Final=runtimeClasspath,testFixturesRuntimeClasspath,testRuntimeClasspath
io.netty:netty-codec-http:4.1.52.Final=runtimeClasspath,testFixturesRuntimeClasspath,testRuntimeClasspath
io.netty:netty-codec-socks:4.1.52.Final=runtimeClasspath,testFixturesRuntimeClasspath,testRuntimeClasspath
io.netty:netty-codec:4.1.52.Final=runtimeClasspath,testFixturesRuntimeClasspath,testRuntimeClasspath
io.netty:netty-common:4.1.52.Final=runtimeClasspath,testFixturesRuntimeClasspath,testRuntimeClasspath
io.netty:netty-handler-proxy:4.1.52.Final=runtimeClasspath,testFixturesRuntimeClasspath,testRuntimeClasspath
io.netty:netty-handler:4.1.52.Final=runtimeClasspath,testFixturesRuntimeClasspath,testRuntimeClasspath
io.netty:netty-resolver:4.1.52.Final=runtimeClasspath,testFixturesRuntimeClasspath,testRuntimeClasspath
io.netty:netty-transport:4.1.52.Final=runtimeClasspath,testFixturesRuntimeClasspath,testRuntimeClasspath
io.perfmark:perfmark-api:0.23.0=runtimeClasspath,testFixturesRuntimeClasspath,testRuntimeClasspath
jakarta.activation:jakarta.activation-api:1.2.1=runtimeClasspath,testFixturesRuntimeClasspath,testRuntimeClasspath
jakarta.xml.bind:jakarta.xml.bind-api:2.3.2=runtimeClasspath,testFixturesRuntimeClasspath,testRuntimeClasspath
javax.annotation:javax.annotation-api:1.3.2=runtimeClasspath,testFixturesRuntimeClasspath,testRuntimeClasspath
javax.inject:javax.inject:1=runtimeClasspath,testFixturesRuntimeClasspath,testRuntimeClasspath
junit:junit:4.12=testCompileClasspath,testFixturesCompileClasspath,testFixturesImplementationDependenciesMetadata,testFixturesRuntimeClasspath,testImplementationDependenciesMetadata
junit:junit:4.13.2=testRuntimeClasspath,testRuntimeOnlyDependenciesMetadata
net.bytebuddy:byte-buddy-agent:1.9.0=testCompileClasspath,testImplementationDependenciesMetadata,testRuntimeClasspath
net.bytebuddy:byte-buddy:1.9.0=testCompileClasspath,testImplementationDependenciesMetadata,testRuntimeClasspath
net.java.dev.jna:jna-platform:5.6.0=runtimeClasspath,testFixturesRuntimeClasspath,testRuntimeClasspath
net.java.dev.jna:jna:5.6.0=kotlinCompilerClasspath,kotlinKlibCommonizerClasspath,runtimeClasspath,testFixturesRuntimeClasspath,testRuntimeClasspath
net.sf.jopt-simple:jopt-simple:4.9=runtimeClasspath,testFixturesRuntimeClasspath,testRuntimeClasspath
net.sf.kxml:kxml2:2.3.0=runtimeClasspath,testFixturesRuntimeClasspath,testRuntimeClasspath
org.apache.commons:commons-compress:1.20=runtimeClasspath,testFixturesRuntimeClasspath,testRuntimeClasspath
org.apache.httpcomponents:httpclient:4.5.13=runtimeClasspath,testFixturesRuntimeClasspath,testRuntimeClasspath
org.apache.httpcomponents:httpcore:4.4.13=runtimeClasspath,testFixturesRuntimeClasspath,testRuntimeClasspath
org.apache.httpcomponents:httpmime:4.5.6=runtimeClasspath,testFixturesRuntimeClasspath,testRuntimeClasspath
org.apiguardian:apiguardian-api:1.1.2=testCompileClasspath,testImplementationDependenciesMetadata,testRuntimeOnlyDependenciesMetadata
org.bitbucket.b_c:jose4j:0.7.0=runtimeClasspath,testFixturesRuntimeClasspath,testRuntimeClasspath
org.bouncycastle:bcpkix-jdk15on:1.67=runtimeClasspath,testFixturesRuntimeClasspath,testRuntimeClasspath
org.bouncycastle:bcprov-jdk15on:1.67=runtimeClasspath,testFixturesRuntimeClasspath,testRuntimeClasspath
org.checkerframework:checker-compat-qual:2.5.5=testCompileClasspath,testFixturesCompileClasspath,testFixturesImplementationDependenciesMetadata,testFixturesRuntimeClasspath,testImplementationDependenciesMetadata,testRuntimeClasspath
org.checkerframework:checker-qual:3.5.0=runtimeClasspath,testFixturesRuntimeClasspath,testRuntimeClasspath
org.codehaus.mojo:animal-sniffer-annotations:1.17=testCompileClasspath,testFixturesCompileClasspath,testFixturesImplementationDependenciesMetadata,testImplementationDependenciesMetadata
org.codehaus.mojo:animal-sniffer-annotations:1.19=runtimeClasspath,testFixturesRuntimeClasspath,testRuntimeClasspath
org.glassfish.jaxb:jaxb-runtime:2.3.2=runtimeClasspath,testFixturesRuntimeClasspath,testRuntimeClasspath
org.glassfish.jaxb:txw2:2.3.2=runtimeClasspath,testFixturesRuntimeClasspath,testRuntimeClasspath
org.hamcrest:hamcrest-core:1.3=testCompileClasspath,testFixturesCompileClasspath,testFixturesImplementationDependenciesMetadata,testFixturesRuntimeClasspath,testImplementationDependenciesMetadata,testRuntimeClasspath,testRuntimeOnlyDependenciesMetadata
org.jdom:jdom2:2.0.6=runtimeClasspath,testFixturesRuntimeClasspath,testRuntimeClasspath
org.jetbrains.intellij.deps:trove4j:1.0.20200330=kotlinCompilerClasspath,kotlinKlibCommonizerClasspath,runtimeClasspath,testFixturesRuntimeClasspath,testRuntimeClasspath
org.jetbrains.kotlin:kotlin-android-extensions:1.7.10=runtimeClasspath,testFixturesRuntimeClasspath,testRuntimeClasspath
org.jetbrains.kotlin:kotlin-annotation-processing-gradle:1.7.10=runtimeClasspath,testFixturesRuntimeClasspath,testRuntimeClasspath
org.jetbrains.kotlin:kotlin-build-common:1.7.10=runtimeClasspath,testFixturesRuntimeClasspath,testRuntimeClasspath
org.jetbrains.kotlin:kotlin-compiler-embeddable:1.7.10=kotlinCompilerClasspath,kotlinKlibCommonizerClasspath,runtimeClasspath,testFixturesRuntimeClasspath,testRuntimeClasspath
org.jetbrains.kotlin:kotlin-compiler-runner:1.7.10=runtimeClasspath,testFixturesRuntimeClasspath,testRuntimeClasspath
org.jetbrains.kotlin:kotlin-daemon-client:1.7.10=runtimeClasspath,testFixturesRuntimeClasspath,testRuntimeClasspath
org.jetbrains.kotlin:kotlin-daemon-embeddable:1.7.10=kotlinCompilerClasspath,kotlinKlibCommonizerClasspath,runtimeClasspath,testFixturesRuntimeClasspath,testRuntimeClasspath
org.jetbrains.kotlin:kotlin-gradle-plugin-api:1.7.10=compileClasspath,implementationDependenciesMetadata,runtimeClasspath,testCompileClasspath,testFixturesCompileClasspath,testFixturesRuntimeClasspath,testImplementationDependenciesMetadata,testRuntimeClasspath
org.jetbrains.kotlin:kotlin-gradle-plugin-idea:1.7.10=runtimeClasspath,testFixturesRuntimeClasspath,testRuntimeClasspath
org.jetbrains.kotlin:kotlin-gradle-plugin-model:1.7.10=compileClasspath,implementationDependenciesMetadata,runtimeClasspath,testCompileClasspath,testFixturesCompileClasspath,testFixturesRuntimeClasspath,testImplementationDependenciesMetadata,testRuntimeClasspath
org.jetbrains.kotlin:kotlin-gradle-plugin:1.7.10=compileClasspath,implementationDependenciesMetadata,runtimeClasspath,testCompileClasspath,testFixturesCompileClasspath,testFixturesRuntimeClasspath,testImplementationDependenciesMetadata,testRuntimeClasspath
org.jetbrains.kotlin:kotlin-klib-commonizer-api:1.7.10=runtimeClasspath,testFixturesRuntimeClasspath,testRuntimeClasspath
org.jetbrains.kotlin:kotlin-klib-commonizer-embeddable:1.7.10=kotlinKlibCommonizerClasspath
org.jetbrains.kotlin:kotlin-native-utils:1.7.10=compileClasspath,implementationDependenciesMetadata,runtimeClasspath,testCompileClasspath,testFixturesCompileClasspath,testFixturesRuntimeClasspath,testImplementationDependenciesMetadata,testRuntimeClasspath
org.jetbrains.kotlin:kotlin-project-model:1.7.10=compileClasspath,implementationDependenciesMetadata,runtimeClasspath,testCompileClasspath,testFixturesCompileClasspath,testFixturesRuntimeClasspath,testImplementationDependenciesMetadata,testRuntimeClasspath
org.jetbrains.kotlin:kotlin-reflect:1.7.10=kotlinCompilerClasspath,kotlinKlibCommonizerClasspath,testFixturesRuntimeClasspath,testRuntimeClasspath
org.jetbrains.kotlin:kotlin-script-runtime:1.7.10=kotlinCompilerClasspath,kotlinCompilerPluginClasspathMain,kotlinCompilerPluginClasspathTest,kotlinCompilerPluginClasspathTestFixtures,kotlinKlibCommonizerClasspath
org.jetbrains.kotlin:kotlin-scripting-common:1.7.10=kotlinCompilerPluginClasspathMain,kotlinCompilerPluginClasspathTest,kotlinCompilerPluginClasspathTestFixtures,runtimeClasspath,testFixturesRuntimeClasspath,testRuntimeClasspath
org.jetbrains.kotlin:kotlin-scripting-compiler-embeddable:1.7.10=kotlinCompilerPluginClasspathMain,kotlinCompilerPluginClasspathTest,kotlinCompilerPluginClasspathTestFixtures,runtimeClasspath,testFixturesRuntimeClasspath,testRuntimeClasspath
org.jetbrains.kotlin:kotlin-scripting-compiler-impl-embeddable:1.7.10=kotlinCompilerPluginClasspathMain,kotlinCompilerPluginClasspathTest,kotlinCompilerPluginClasspathTestFixtures,runtimeClasspath,testFixturesRuntimeClasspath,testRuntimeClasspath
org.jetbrains.kotlin:kotlin-scripting-jvm:1.7.10=kotlinCompilerPluginClasspathMain,kotlinCompilerPluginClasspathTest,kotlinCompilerPluginClasspathTestFixtures,runtimeClasspath,testFixturesRuntimeClasspath,testRuntimeClasspath
org.jetbrains.kotlin:kotlin-stdlib-common:1.7.10=apiDependenciesMetadata,compileClasspath,implementationDependenciesMetadata,kotlinCompilerClasspath,kotlinCompilerPluginClasspathMain,kotlinCompilerPluginClasspathTest,kotlinCompilerPluginClasspathTestFixtures,kotlinKlibCommonizerClasspath,runtimeClasspath,testCompileClasspath,testFixturesApiDependenciesMetadata,testFixturesCompileClasspath,testFixturesImplementationDependenciesMetadata,testFixturesRuntimeClasspath,testImplementationDependenciesMetadata,testRuntimeClasspath
org.jetbrains.kotlin:kotlin-stdlib-jdk7:1.7.10=apiDependenciesMetadata,compileClasspath,implementationDependenciesMetadata,runtimeClasspath,testCompileClasspath,testFixturesApiDependenciesMetadata,testFixturesCompileClasspath,testFixturesImplementationDependenciesMetadata,testFixturesRuntimeClasspath,testImplementationDependenciesMetadata,testRuntimeClasspath
org.jetbrains.kotlin:kotlin-stdlib-jdk8:1.7.10=apiDependenciesMetadata,compileClasspath,implementationDependenciesMetadata,runtimeClasspath,testCompileClasspath,testFixturesApiDependenciesMetadata,testFixturesCompileClasspath,testFixturesImplementationDependenciesMetadata,testFixturesRuntimeClasspath,testImplementationDependenciesMetadata,testRuntimeClasspath
org.jetbrains.kotlin:kotlin-stdlib:1.7.10=apiDependenciesMetadata,compileClasspath,implementationDependenciesMetadata,kotlinCompilerClasspath,kotlinCompilerPluginClasspathMain,kotlinCompilerPluginClasspathTest,kotlinCompilerPluginClasspathTestFixtures,kotlinKlibCommonizerClasspath,runtimeClasspath,testCompileClasspath,testFixturesApiDependenciesMetadata,testFixturesCompileClasspath,testFixturesImplementationDependenciesMetadata,testFixturesRuntimeClasspath,testImplementationDependenciesMetadata,testRuntimeClasspath
org.jetbrains.kotlin:kotlin-tooling-core:1.7.10=compileClasspath,implementationDependenciesMetadata,runtimeClasspath,testCompileClasspath,testFixturesCompileClasspath,testFixturesRuntimeClasspath,testImplementationDependenciesMetadata,testRuntimeClasspath
org.jetbrains.kotlin:kotlin-tooling-metadata:1.7.10=runtimeClasspath,testFixturesRuntimeClasspath,testRuntimeClasspath
org.jetbrains.kotlin:kotlin-util-io:1.7.10=compileClasspath,implementationDependenciesMetadata,runtimeClasspath,testCompileClasspath,testFixturesCompileClasspath,testFixturesRuntimeClasspath,testImplementationDependenciesMetadata,testRuntimeClasspath
org.jetbrains.kotlin:kotlin-util-klib:1.7.10=runtimeClasspath,testFixturesRuntimeClasspath,testRuntimeClasspath
org.jetbrains.kotlinx:kotlinx-coroutines-core-jvm:1.5.0=runtimeClasspath,testFixturesRuntimeClasspath,testRuntimeClasspath
org.jetbrains:annotations:13.0=apiDependenciesMetadata,compileClasspath,implementationDependenciesMetadata,kotlinCompilerClasspath,kotlinCompilerPluginClasspathMain,kotlinCompilerPluginClasspathTest,kotlinCompilerPluginClasspathTestFixtures,kotlinKlibCommonizerClasspath,runtimeClasspath,testCompileClasspath,testFixturesApiDependenciesMetadata,testFixturesCompileClasspath,testFixturesImplementationDependenciesMetadata,testFixturesRuntimeClasspath,testImplementationDependenciesMetadata,testRuntimeClasspath
org.json:json:20180813=runtimeClasspath,testFixturesRuntimeClasspath,testRuntimeClasspath
org.junit.jupiter:junit-jupiter-api:5.8.0=testCompileClasspath,testImplementationDependenciesMetadata,testRuntimeClasspath,testRuntimeOnlyDependenciesMetadata
org.junit.jupiter:junit-jupiter-engine:5.8.0=testRuntimeClasspath,testRuntimeOnlyDependenciesMetadata
org.junit.platform:junit-platform-commons:1.8.0=testCompileClasspath,testImplementationDependenciesMetadata,testRuntimeClasspath,testRuntimeOnlyDependenciesMetadata
org.junit.platform:junit-platform-engine:1.8.0=testRuntimeClasspath,testRuntimeOnlyDependenciesMetadata
org.junit.platform:junit-platform-launcher:1.8.0=testRuntimeClasspath,testRuntimeOnlyDependenciesMetadata
org.junit.platform:junit-platform-runner:1.8.0=testRuntimeClasspath,testRuntimeOnlyDependenciesMetadata
org.junit.platform:junit-platform-suite-api:1.8.0=testRuntimeClasspath,testRuntimeOnlyDependenciesMetadata
org.junit.platform:junit-platform-suite-commons:1.8.0=testRuntimeClasspath
org.junit:junit-bom:5.8.0=testCompileClasspath,testImplementationDependenciesMetadata,testRuntimeClasspath,testRuntimeOnlyDependenciesMetadata
org.jvnet.staxex:stax-ex:1.8.1=runtimeClasspath,testFixturesRuntimeClasspath,testRuntimeClasspath
org.mockito:mockito-core:2.23.0=testCompileClasspath,testImplementationDependenciesMetadata,testRuntimeClasspath
org.objenesis:objenesis:2.6=testCompileClasspath,testImplementationDependenciesMetadata,testRuntimeClasspath
org.opentest4j:opentest4j:1.2.0=testCompileClasspath,testImplementationDependenciesMetadata,testRuntimeClasspath,testRuntimeOnlyDependenciesMetadata
org.ow2.asm:asm-analysis:9.2=runtimeClasspath,testFixturesRuntimeClasspath,testRuntimeClasspath
org.ow2.asm:asm-commons:9.2=runtimeClasspath,testFixturesRuntimeClasspath,testRuntimeClasspath
org.ow2.asm:asm-tree:9.2=runtimeClasspath,testFixturesRuntimeClasspath,testRuntimeClasspath
org.ow2.asm:asm-util:9.2=runtimeClasspath,testFixturesRuntimeClasspath,testRuntimeClasspath
org.ow2.asm:asm:9.2=compileClasspath,implementationDependenciesMetadata,runtimeClasspath,testCompileClasspath,testFixturesCompileClasspath,testFixturesRuntimeClasspath,testImplementationDependenciesMetadata,testRuntimeClasspath
org.slf4j:slf4j-api:1.7.30=runtimeClasspath,testFixturesRuntimeClasspath,testRuntimeClasspath
org.tensorflow:tensorflow-lite-metadata:0.1.0-rc2=runtimeClasspath,testFixturesRuntimeClasspath,testRuntimeClasspath
xerces:xercesImpl:2.12.0=runtimeClasspath,testFixturesRuntimeClasspath,testRuntimeClasspath
xml-apis:xml-apis:1.4.01=runtimeClasspath,testFixturesRuntimeClasspath,testRuntimeClasspath
empty=annotationProcessor,compileOnlyDependenciesMetadata,intransitiveDependenciesMetadata,kotlinCompilerPluginClasspath,kotlinNativeCompilerPluginClasspath,kotlinScriptDef,kotlinScriptDefExtensions,runtimeOnlyDependenciesMetadata,signatures,testAnnotationProcessor,testApiDependenciesMetadata,testCompileOnlyDependenciesMetadata,testFixturesAnnotationProcessor,testFixturesCompileOnlyDependenciesMetadata,testFixturesIntransitiveDependenciesMetadata,testFixturesKotlinScriptDef,testFixturesKotlinScriptDefExtensions,testFixturesRuntimeOnlyDependenciesMetadata,testIntransitiveDependenciesMetadata,testKotlinScriptDef,testKotlinScriptDefExtensions
